// !$*UTF8*$!
{
	archiveVersion = 1;
	classes = {
	};
	objectVersion = 56;
	objects = {

/* Begin PBXBuildFile section */
		3901BE7229D705930099CE86 /* IDQAnswerResultViewViewModel.swift in Sources */ = {isa = PBXBuildFile; fileRef = 3901BE7129D705930099CE86 /* IDQAnswerResultViewViewModel.swift */; };
		3905B24C29E0372A00E3A632 /* IDQScoreView.swift in Sources */ = {isa = PBXBuildFile; fileRef = 3905B24B29E0372A00E3A632 /* IDQScoreView.swift */; };
		3905B24F29E0403C00E3A632 /* IDQTimeView.swift in Sources */ = {isa = PBXBuildFile; fileRef = 3905B24E29E0403C00E3A632 /* IDQTimeView.swift */; };
		3909BBAC29BDFB7400A97F17 /* IDQGameAnswerCollectionViewCell.swift in Sources */ = {isa = PBXBuildFile; fileRef = 3909BBAB29BDFB7400A97F17 /* IDQGameAnswerCollectionViewCell.swift */; };
		3914C90929B0D7E40001377B /* AppDelegate.swift in Sources */ = {isa = PBXBuildFile; fileRef = 3914C90829B0D7E40001377B /* AppDelegate.swift */; };
		3914C90B29B0D7E40001377B /* SceneDelegate.swift in Sources */ = {isa = PBXBuildFile; fileRef = 3914C90A29B0D7E40001377B /* SceneDelegate.swift */; };
		3914C90D29B0D7E40001377B /* IDQTabBarController.swift in Sources */ = {isa = PBXBuildFile; fileRef = 3914C90C29B0D7E40001377B /* IDQTabBarController.swift */; };
		3914C91329B0D7E40001377B /* iOSDevQuiz.xcdatamodeld in Sources */ = {isa = PBXBuildFile; fileRef = 3914C91129B0D7E40001377B /* iOSDevQuiz.xcdatamodeld */; };
		3914C91529B0D7E50001377B /* Assets.xcassets in Resources */ = {isa = PBXBuildFile; fileRef = 3914C91429B0D7E50001377B /* Assets.xcassets */; };
		3914C91829B0D7E50001377B /* LaunchScreen.storyboard in Resources */ = {isa = PBXBuildFile; fileRef = 3914C91629B0D7E50001377B /* LaunchScreen.storyboard */; };
		3914C92329B0DCE60001377B /* IDQConstants.swift in Sources */ = {isa = PBXBuildFile; fileRef = 3914C92229B0DCE60001377B /* IDQConstants.swift */; };
		3914C92529B0EB8A0001377B /* IDQGameViewController.swift in Sources */ = {isa = PBXBuildFile; fileRef = 3914C92429B0EB8A0001377B /* IDQGameViewController.swift */; };
		3914C92729B0EBD20001377B /* IDQStatsViewController.swift in Sources */ = {isa = PBXBuildFile; fileRef = 3914C92629B0EBD20001377B /* IDQStatsViewController.swift */; };
		3914C92929B0EBF10001377B /* IDQSettingsViewController.swift in Sources */ = {isa = PBXBuildFile; fileRef = 3914C92829B0EBF10001377B /* IDQSettingsViewController.swift */; };
		3914C92C29B0ECFB0001377B /* IDQPlayViewController.swift in Sources */ = {isa = PBXBuildFile; fileRef = 3914C92B29B0ECFB0001377B /* IDQPlayViewController.swift */; };
		3914C92E29B0ED260001377B /* IDQGameOptionsViewController.swift in Sources */ = {isa = PBXBuildFile; fileRef = 3914C92D29B0ED260001377B /* IDQGameOptionsViewController.swift */; };
		3914C93029B0FBE90001377B /* IDQExtensions.swift in Sources */ = {isa = PBXBuildFile; fileRef = 3914C92F29B0FBE90001377B /* IDQExtensions.swift */; };
		3914C93329B10B300001377B /* IDQPlayView.swift in Sources */ = {isa = PBXBuildFile; fileRef = 3914C93229B10B300001377B /* IDQPlayView.swift */; };
		391DDB6B29EB2917003AAD2D /* IDQStatsMetricsHStackView.swift in Sources */ = {isa = PBXBuildFile; fileRef = 391DDB6A29EB2917003AAD2D /* IDQStatsMetricsHStackView.swift */; };
		391DDB6D29EB2A48003AAD2D /* IDQStatsMetricBoxViewViewModel.swift in Sources */ = {isa = PBXBuildFile; fileRef = 391DDB6C29EB2A48003AAD2D /* IDQStatsMetricBoxViewViewModel.swift */; };
		3920A18429EAB1CE001A1522 /* IDQStatsMetricBoxView.swift in Sources */ = {isa = PBXBuildFile; fileRef = 3920A18329EAB1CE001A1522 /* IDQStatsMetricBoxView.swift */; };
		3920A19229EAE939001A1522 /* IDQTopicMetricManager.swift in Sources */ = {isa = PBXBuildFile; fileRef = 3920A19129EAE939001A1522 /* IDQTopicMetricManager.swift */; };
		3920A1AB29EAFBEE001A1522 /* IDQDifficultyMetrics+CoreDataClass.swift in Sources */ = {isa = PBXBuildFile; fileRef = 3920A1A329EAFBEE001A1522 /* IDQDifficultyMetrics+CoreDataClass.swift */; };
		3920A1AC29EAFBEE001A1522 /* IDQDifficultyMetrics+CoreDataProperties.swift in Sources */ = {isa = PBXBuildFile; fileRef = 3920A1A429EAFBEE001A1522 /* IDQDifficultyMetrics+CoreDataProperties.swift */; };
		3920A1AD29EAFBEE001A1522 /* IDQQuizResult+CoreDataClass.swift in Sources */ = {isa = PBXBuildFile; fileRef = 3920A1A529EAFBEE001A1522 /* IDQQuizResult+CoreDataClass.swift */; };
		3920A1AE29EAFBEE001A1522 /* IDQQuizResult+CoreDataProperties.swift in Sources */ = {isa = PBXBuildFile; fileRef = 3920A1A629EAFBEE001A1522 /* IDQQuizResult+CoreDataProperties.swift */; };
		3920A1AF29EAFBEE001A1522 /* IDQUser+CoreDataClass.swift in Sources */ = {isa = PBXBuildFile; fileRef = 3920A1A729EAFBEE001A1522 /* IDQUser+CoreDataClass.swift */; };
		3920A1B029EAFBEE001A1522 /* IDQUser+CoreDataProperties.swift in Sources */ = {isa = PBXBuildFile; fileRef = 3920A1A829EAFBEE001A1522 /* IDQUser+CoreDataProperties.swift */; };
		3920A1B129EAFBEE001A1522 /* IDQTopicMetrics+CoreDataClass.swift in Sources */ = {isa = PBXBuildFile; fileRef = 3920A1A929EAFBEE001A1522 /* IDQTopicMetrics+CoreDataClass.swift */; };
		3920A1B229EAFBEE001A1522 /* IDQTopicMetrics+CoreDataProperties.swift in Sources */ = {isa = PBXBuildFile; fileRef = 3920A1AA29EAFBEE001A1522 /* IDQTopicMetrics+CoreDataProperties.swift */; };
		3920A1B429EAFCA2001A1522 /* IDQDifficultyMetricManager.swift in Sources */ = {isa = PBXBuildFile; fileRef = 3920A1B329EAFCA2001A1522 /* IDQDifficultyMetricManager.swift */; };
		392415C129BA9E9B006D6590 /* CountDownView.swift in Sources */ = {isa = PBXBuildFile; fileRef = 392415C029BA9E9B006D6590 /* CountDownView.swift */; };
		39267BA929E81742007DD96F /* IDQUserManager.swift in Sources */ = {isa = PBXBuildFile; fileRef = 39267BA829E81742007DD96F /* IDQUserManager.swift */; };
		39267BB429E82923007DD96F /* IDQStatsView.swift in Sources */ = {isa = PBXBuildFile; fileRef = 39267BB329E82923007DD96F /* IDQStatsView.swift */; };
		39267BB829E8364D007DD96F /* IDQQuizResultManager.swift in Sources */ = {isa = PBXBuildFile; fileRef = 39267BB729E8364D007DD96F /* IDQQuizResultManager.swift */; };
		39267BBA29E839AD007DD96F /* IDQStatsViewViewModel.swift in Sources */ = {isa = PBXBuildFile; fileRef = 39267BB929E839AD007DD96F /* IDQStatsViewViewModel.swift */; };
		3942949229C37AEE00E15FE1 /* IDQQuiz.swift in Sources */ = {isa = PBXBuildFile; fileRef = 3942949129C37AEE00E15FE1 /* IDQQuiz.swift */; };
		3948B15729B942D600E2841F /* IDQGameViewViewModel.swift in Sources */ = {isa = PBXBuildFile; fileRef = 3948B15629B942D600E2841F /* IDQGameViewViewModel.swift */; };
		3952D1DE29B8AC220061C5C9 /* StartButtonView.swift in Sources */ = {isa = PBXBuildFile; fileRef = 3952D1DD29B8AC220061C5C9 /* StartButtonView.swift */; };
		3952D1E129B8C6A10061C5C9 /* IDQPlayViewViewModel.swift in Sources */ = {isa = PBXBuildFile; fileRef = 3952D1E029B8C6A10061C5C9 /* IDQPlayViewViewModel.swift */; };
		3952D1E429B8C70D0061C5C9 /* IDQGame.swift in Sources */ = {isa = PBXBuildFile; fileRef = 3952D1E329B8C70D0061C5C9 /* IDQGame.swift */; };
		3952D1E729B8D6DC0061C5C9 /* IDQQuestion.swift in Sources */ = {isa = PBXBuildFile; fileRef = 3952D1E629B8D6DC0061C5C9 /* IDQQuestion.swift */; };
		3952D1E929B8DA530061C5C9 /* IDQAnswer.swift in Sources */ = {isa = PBXBuildFile; fileRef = 3952D1E829B8DA530061C5C9 /* IDQAnswer.swift */; };
		396793DD29E8961B00A476E2 /* IDQStatsUpperView.swift in Sources */ = {isa = PBXBuildFile; fileRef = 396793DC29E8961B00A476E2 /* IDQStatsUpperView.swift */; };
		396B6A9329C127990098A4E5 /* IDQAnswerResultView.swift in Sources */ = {isa = PBXBuildFile; fileRef = 396B6A9229C127990098A4E5 /* IDQAnswerResultView.swift */; };
		39743AEC29D9AD0600D1C341 /* IDQExitQuizView.swift in Sources */ = {isa = PBXBuildFile; fileRef = 39743AEB29D9AD0600D1C341 /* IDQExitQuizView.swift */; };
		39904E0029E0792E009F9380 /* IDQPercentageView.swift in Sources */ = {isa = PBXBuildFile; fileRef = 39904DFF29E0792E009F9380 /* IDQPercentageView.swift */; };
		39962B2B29C9CC93001350F8 /* IDQGameResultViewController.swift in Sources */ = {isa = PBXBuildFile; fileRef = 39962B2A29C9CC93001350F8 /* IDQGameResultViewController.swift */; };
		39962B2D29C9CD38001350F8 /* IDQResultView.swift in Sources */ = {isa = PBXBuildFile; fileRef = 39962B2C29C9CD38001350F8 /* IDQResultView.swift */; };
		39962B2F29C9D28C001350F8 /* IDQResultViewViewModel.swift in Sources */ = {isa = PBXBuildFile; fileRef = 39962B2E29C9D28C001350F8 /* IDQResultViewViewModel.swift */; };
		39962B3129C9EDA4001350F8 /* IDQResultCollectionViewCell.swift in Sources */ = {isa = PBXBuildFile; fileRef = 39962B3029C9EDA4001350F8 /* IDQResultCollectionViewCell.swift */; };
		39AF9C4429CA22830005AF88 /* IDQResultCollectionViewCellViewModel.swift in Sources */ = {isa = PBXBuildFile; fileRef = 39AF9C4329CA22830005AF88 /* IDQResultCollectionViewCellViewModel.swift */; };
		39E0707D29EC719200AE1858 /* IDQTrophyView.swift in Sources */ = {isa = PBXBuildFile; fileRef = 39E0707C29EC719200AE1858 /* IDQTrophyView.swift */; };
		39E0707F29EC7EA800AE1858 /* IDQMainStatsView.swift in Sources */ = {isa = PBXBuildFile; fileRef = 39E0707E29EC7EA800AE1858 /* IDQMainStatsView.swift */; };
		39E2256F29B8F71500830F1A /* IDQGameView.swift in Sources */ = {isa = PBXBuildFile; fileRef = 39E2256E29B8F71500830F1A /* IDQGameView.swift */; };
/* End PBXBuildFile section */

/* Begin PBXFileReference section */
		3901BE7129D705930099CE86 /* IDQAnswerResultViewViewModel.swift */ = {isa = PBXFileReference; lastKnownFileType = sourcecode.swift; path = IDQAnswerResultViewViewModel.swift; sourceTree = "<group>"; };
		3905B24B29E0372A00E3A632 /* IDQScoreView.swift */ = {isa = PBXFileReference; lastKnownFileType = sourcecode.swift; path = IDQScoreView.swift; sourceTree = "<group>"; };
		3905B24E29E0403C00E3A632 /* IDQTimeView.swift */ = {isa = PBXFileReference; lastKnownFileType = sourcecode.swift; path = IDQTimeView.swift; sourceTree = "<group>"; };
		3909BBAB29BDFB7400A97F17 /* IDQGameAnswerCollectionViewCell.swift */ = {isa = PBXFileReference; lastKnownFileType = sourcecode.swift; path = IDQGameAnswerCollectionViewCell.swift; sourceTree = "<group>"; };
		3914C90529B0D7E40001377B /* iOSDevQuiz.app */ = {isa = PBXFileReference; explicitFileType = wrapper.application; includeInIndex = 0; path = iOSDevQuiz.app; sourceTree = BUILT_PRODUCTS_DIR; };
		3914C90829B0D7E40001377B /* AppDelegate.swift */ = {isa = PBXFileReference; lastKnownFileType = sourcecode.swift; path = AppDelegate.swift; sourceTree = "<group>"; };
		3914C90A29B0D7E40001377B /* SceneDelegate.swift */ = {isa = PBXFileReference; lastKnownFileType = sourcecode.swift; path = SceneDelegate.swift; sourceTree = "<group>"; };
		3914C90C29B0D7E40001377B /* IDQTabBarController.swift */ = {isa = PBXFileReference; lastKnownFileType = sourcecode.swift; path = IDQTabBarController.swift; sourceTree = "<group>"; };
		3914C91229B0D7E40001377B /* iOSDevQuiz.xcdatamodel */ = {isa = PBXFileReference; lastKnownFileType = wrapper.xcdatamodel; path = iOSDevQuiz.xcdatamodel; sourceTree = "<group>"; };
		3914C91429B0D7E50001377B /* Assets.xcassets */ = {isa = PBXFileReference; lastKnownFileType = folder.assetcatalog; path = Assets.xcassets; sourceTree = "<group>"; };
		3914C91729B0D7E50001377B /* Base */ = {isa = PBXFileReference; lastKnownFileType = file.storyboard; name = Base; path = Base.lproj/LaunchScreen.storyboard; sourceTree = "<group>"; };
		3914C91929B0D7E50001377B /* Info.plist */ = {isa = PBXFileReference; lastKnownFileType = text.plist.xml; path = Info.plist; sourceTree = "<group>"; };
		3914C92229B0DCE60001377B /* IDQConstants.swift */ = {isa = PBXFileReference; lastKnownFileType = sourcecode.swift; path = IDQConstants.swift; sourceTree = "<group>"; };
		3914C92429B0EB8A0001377B /* IDQGameViewController.swift */ = {isa = PBXFileReference; lastKnownFileType = sourcecode.swift; path = IDQGameViewController.swift; sourceTree = "<group>"; };
		3914C92629B0EBD20001377B /* IDQStatsViewController.swift */ = {isa = PBXFileReference; lastKnownFileType = sourcecode.swift; path = IDQStatsViewController.swift; sourceTree = "<group>"; };
		3914C92829B0EBF10001377B /* IDQSettingsViewController.swift */ = {isa = PBXFileReference; lastKnownFileType = sourcecode.swift; path = IDQSettingsViewController.swift; sourceTree = "<group>"; };
		3914C92B29B0ECFB0001377B /* IDQPlayViewController.swift */ = {isa = PBXFileReference; lastKnownFileType = sourcecode.swift; path = IDQPlayViewController.swift; sourceTree = "<group>"; };
		3914C92D29B0ED260001377B /* IDQGameOptionsViewController.swift */ = {isa = PBXFileReference; lastKnownFileType = sourcecode.swift; path = IDQGameOptionsViewController.swift; sourceTree = "<group>"; };
		3914C92F29B0FBE90001377B /* IDQExtensions.swift */ = {isa = PBXFileReference; lastKnownFileType = sourcecode.swift; path = IDQExtensions.swift; sourceTree = "<group>"; };
		3914C93229B10B300001377B /* IDQPlayView.swift */ = {isa = PBXFileReference; lastKnownFileType = sourcecode.swift; path = IDQPlayView.swift; sourceTree = "<group>"; };
		391DDB6A29EB2917003AAD2D /* IDQStatsMetricsHStackView.swift */ = {isa = PBXFileReference; lastKnownFileType = sourcecode.swift; path = IDQStatsMetricsHStackView.swift; sourceTree = "<group>"; };
		391DDB6C29EB2A48003AAD2D /* IDQStatsMetricBoxViewViewModel.swift */ = {isa = PBXFileReference; lastKnownFileType = sourcecode.swift; path = IDQStatsMetricBoxViewViewModel.swift; sourceTree = "<group>"; };
		3920A18329EAB1CE001A1522 /* IDQStatsMetricBoxView.swift */ = {isa = PBXFileReference; lastKnownFileType = sourcecode.swift; path = IDQStatsMetricBoxView.swift; sourceTree = "<group>"; };
		3920A19129EAE939001A1522 /* IDQTopicMetricManager.swift */ = {isa = PBXFileReference; lastKnownFileType = sourcecode.swift; path = IDQTopicMetricManager.swift; sourceTree = "<group>"; };
		3920A1A329EAFBEE001A1522 /* IDQDifficultyMetrics+CoreDataClass.swift */ = {isa = PBXFileReference; lastKnownFileType = sourcecode.swift; path = "IDQDifficultyMetrics+CoreDataClass.swift"; sourceTree = "<group>"; };
		3920A1A429EAFBEE001A1522 /* IDQDifficultyMetrics+CoreDataProperties.swift */ = {isa = PBXFileReference; lastKnownFileType = sourcecode.swift; path = "IDQDifficultyMetrics+CoreDataProperties.swift"; sourceTree = "<group>"; };
		3920A1A529EAFBEE001A1522 /* IDQQuizResult+CoreDataClass.swift */ = {isa = PBXFileReference; lastKnownFileType = sourcecode.swift; path = "IDQQuizResult+CoreDataClass.swift"; sourceTree = "<group>"; };
		3920A1A629EAFBEE001A1522 /* IDQQuizResult+CoreDataProperties.swift */ = {isa = PBXFileReference; lastKnownFileType = sourcecode.swift; path = "IDQQuizResult+CoreDataProperties.swift"; sourceTree = "<group>"; };
		3920A1A729EAFBEE001A1522 /* IDQUser+CoreDataClass.swift */ = {isa = PBXFileReference; lastKnownFileType = sourcecode.swift; path = "IDQUser+CoreDataClass.swift"; sourceTree = "<group>"; };
		3920A1A829EAFBEE001A1522 /* IDQUser+CoreDataProperties.swift */ = {isa = PBXFileReference; lastKnownFileType = sourcecode.swift; path = "IDQUser+CoreDataProperties.swift"; sourceTree = "<group>"; };
		3920A1A929EAFBEE001A1522 /* IDQTopicMetrics+CoreDataClass.swift */ = {isa = PBXFileReference; lastKnownFileType = sourcecode.swift; path = "IDQTopicMetrics+CoreDataClass.swift"; sourceTree = "<group>"; };
		3920A1AA29EAFBEE001A1522 /* IDQTopicMetrics+CoreDataProperties.swift */ = {isa = PBXFileReference; lastKnownFileType = sourcecode.swift; path = "IDQTopicMetrics+CoreDataProperties.swift"; sourceTree = "<group>"; };
		3920A1B329EAFCA2001A1522 /* IDQDifficultyMetricManager.swift */ = {isa = PBXFileReference; lastKnownFileType = sourcecode.swift; path = IDQDifficultyMetricManager.swift; sourceTree = "<group>"; };
		392415C029BA9E9B006D6590 /* CountDownView.swift */ = {isa = PBXFileReference; lastKnownFileType = sourcecode.swift; path = CountDownView.swift; sourceTree = "<group>"; };
		39267BA829E81742007DD96F /* IDQUserManager.swift */ = {isa = PBXFileReference; lastKnownFileType = sourcecode.swift; path = IDQUserManager.swift; sourceTree = "<group>"; };
		39267BB329E82923007DD96F /* IDQStatsView.swift */ = {isa = PBXFileReference; lastKnownFileType = sourcecode.swift; path = IDQStatsView.swift; sourceTree = "<group>"; };
		39267BB729E8364D007DD96F /* IDQQuizResultManager.swift */ = {isa = PBXFileReference; lastKnownFileType = sourcecode.swift; path = IDQQuizResultManager.swift; sourceTree = "<group>"; };
		39267BB929E839AD007DD96F /* IDQStatsViewViewModel.swift */ = {isa = PBXFileReference; lastKnownFileType = sourcecode.swift; path = IDQStatsViewViewModel.swift; sourceTree = "<group>"; };
		3942949129C37AEE00E15FE1 /* IDQQuiz.swift */ = {isa = PBXFileReference; lastKnownFileType = sourcecode.swift; path = IDQQuiz.swift; sourceTree = "<group>"; };
		3948B15629B942D600E2841F /* IDQGameViewViewModel.swift */ = {isa = PBXFileReference; lastKnownFileType = sourcecode.swift; path = IDQGameViewViewModel.swift; sourceTree = "<group>"; };
		3952D1DD29B8AC220061C5C9 /* StartButtonView.swift */ = {isa = PBXFileReference; lastKnownFileType = sourcecode.swift; path = StartButtonView.swift; sourceTree = "<group>"; };
		3952D1E029B8C6A10061C5C9 /* IDQPlayViewViewModel.swift */ = {isa = PBXFileReference; lastKnownFileType = sourcecode.swift; path = IDQPlayViewViewModel.swift; sourceTree = "<group>"; };
		3952D1E329B8C70D0061C5C9 /* IDQGame.swift */ = {isa = PBXFileReference; lastKnownFileType = sourcecode.swift; path = IDQGame.swift; sourceTree = "<group>"; };
		3952D1E629B8D6DC0061C5C9 /* IDQQuestion.swift */ = {isa = PBXFileReference; lastKnownFileType = sourcecode.swift; path = IDQQuestion.swift; sourceTree = "<group>"; };
		3952D1E829B8DA530061C5C9 /* IDQAnswer.swift */ = {isa = PBXFileReference; lastKnownFileType = sourcecode.swift; path = IDQAnswer.swift; sourceTree = "<group>"; };
		396793DC29E8961B00A476E2 /* IDQStatsUpperView.swift */ = {isa = PBXFileReference; lastKnownFileType = sourcecode.swift; path = IDQStatsUpperView.swift; sourceTree = "<group>"; };
		396B6A9229C127990098A4E5 /* IDQAnswerResultView.swift */ = {isa = PBXFileReference; lastKnownFileType = sourcecode.swift; path = IDQAnswerResultView.swift; sourceTree = "<group>"; };
		39743AEB29D9AD0600D1C341 /* IDQExitQuizView.swift */ = {isa = PBXFileReference; lastKnownFileType = sourcecode.swift; path = IDQExitQuizView.swift; sourceTree = "<group>"; };
		39904DFF29E0792E009F9380 /* IDQPercentageView.swift */ = {isa = PBXFileReference; lastKnownFileType = sourcecode.swift; path = IDQPercentageView.swift; sourceTree = "<group>"; };
		39962B2A29C9CC93001350F8 /* IDQGameResultViewController.swift */ = {isa = PBXFileReference; lastKnownFileType = sourcecode.swift; path = IDQGameResultViewController.swift; sourceTree = "<group>"; };
		39962B2C29C9CD38001350F8 /* IDQResultView.swift */ = {isa = PBXFileReference; lastKnownFileType = sourcecode.swift; path = IDQResultView.swift; sourceTree = "<group>"; };
		39962B2E29C9D28C001350F8 /* IDQResultViewViewModel.swift */ = {isa = PBXFileReference; lastKnownFileType = sourcecode.swift; path = IDQResultViewViewModel.swift; sourceTree = "<group>"; };
		39962B3029C9EDA4001350F8 /* IDQResultCollectionViewCell.swift */ = {isa = PBXFileReference; lastKnownFileType = sourcecode.swift; path = IDQResultCollectionViewCell.swift; sourceTree = "<group>"; };
		39AF9C4329CA22830005AF88 /* IDQResultCollectionViewCellViewModel.swift */ = {isa = PBXFileReference; lastKnownFileType = sourcecode.swift; path = IDQResultCollectionViewCellViewModel.swift; sourceTree = "<group>"; };
		39E0707C29EC719200AE1858 /* IDQTrophyView.swift */ = {isa = PBXFileReference; lastKnownFileType = sourcecode.swift; path = IDQTrophyView.swift; sourceTree = "<group>"; };
		39E0707E29EC7EA800AE1858 /* IDQMainStatsView.swift */ = {isa = PBXFileReference; lastKnownFileType = sourcecode.swift; path = IDQMainStatsView.swift; sourceTree = "<group>"; };
		39E2256E29B8F71500830F1A /* IDQGameView.swift */ = {isa = PBXFileReference; lastKnownFileType = sourcecode.swift; path = IDQGameView.swift; sourceTree = "<group>"; };
/* End PBXFileReference section */

/* Begin PBXFrameworksBuildPhase section */
		3914C90229B0D7E40001377B /* Frameworks */ = {
			isa = PBXFrameworksBuildPhase;
			buildActionMask = 2147483647;
			files = (
			);
			runOnlyForDeploymentPostprocessing = 0;
		};
/* End PBXFrameworksBuildPhase section */

/* Begin PBXGroup section */
		3905B24D29E03FFD00E3A632 /* ResultViewSubviews */ = {
			isa = PBXGroup;
			children = (
				39962B3029C9EDA4001350F8 /* IDQResultCollectionViewCell.swift */,
				3905B24B29E0372A00E3A632 /* IDQScoreView.swift */,
				3905B24E29E0403C00E3A632 /* IDQTimeView.swift */,
				39904DFF29E0792E009F9380 /* IDQPercentageView.swift */,
			);
			path = ResultViewSubviews;
			sourceTree = "<group>";
		};
		3914C8FC29B0D7E40001377B = {
			isa = PBXGroup;
			children = (
				3920A1A329EAFBEE001A1522 /* IDQDifficultyMetrics+CoreDataClass.swift */,
				3920A1A429EAFBEE001A1522 /* IDQDifficultyMetrics+CoreDataProperties.swift */,
				3920A1A529EAFBEE001A1522 /* IDQQuizResult+CoreDataClass.swift */,
				3920A1A629EAFBEE001A1522 /* IDQQuizResult+CoreDataProperties.swift */,
				3920A1A729EAFBEE001A1522 /* IDQUser+CoreDataClass.swift */,
				3920A1A829EAFBEE001A1522 /* IDQUser+CoreDataProperties.swift */,
				3920A1A929EAFBEE001A1522 /* IDQTopicMetrics+CoreDataClass.swift */,
				3920A1AA29EAFBEE001A1522 /* IDQTopicMetrics+CoreDataProperties.swift */,
				3914C90729B0D7E40001377B /* iOSDevQuiz */,
				3914C90629B0D7E40001377B /* Products */,
			);
			sourceTree = "<group>";
		};
		3914C90629B0D7E40001377B /* Products */ = {
			isa = PBXGroup;
			children = (
				3914C90529B0D7E40001377B /* iOSDevQuiz.app */,
			);
			name = Products;
			sourceTree = "<group>";
		};
		3914C90729B0D7E40001377B /* iOSDevQuiz */ = {
			isa = PBXGroup;
			children = (
				3914C92129B0DC300001377B /* Resources */,
				3952D1E229B8C7050061C5C9 /* Model */,
				3952D1DF29B8C6710061C5C9 /* ViewModel */,
				3914C93129B10B190001377B /* View */,
				3914C91F29B0DBD70001377B /* Controllers */,
				3914C91929B0D7E50001377B /* Info.plist */,
				3914C91129B0D7E40001377B /* iOSDevQuiz.xcdatamodeld */,
			);
			path = iOSDevQuiz;
			sourceTree = "<group>";
		};
		3914C91F29B0DBD70001377B /* Controllers */ = {
			isa = PBXGroup;
			children = (
				3914C92029B0DBE80001377B /* MainControllers */,
				3914C92A29B0EC810001377B /* OtherControllers */,
			);
			path = Controllers;
			sourceTree = "<group>";
		};
		3914C92029B0DBE80001377B /* MainControllers */ = {
			isa = PBXGroup;
			children = (
				3914C90C29B0D7E40001377B /* IDQTabBarController.swift */,
				3914C92629B0EBD20001377B /* IDQStatsViewController.swift */,
				3914C92B29B0ECFB0001377B /* IDQPlayViewController.swift */,
				3914C92829B0EBF10001377B /* IDQSettingsViewController.swift */,
			);
			path = MainControllers;
			sourceTree = "<group>";
		};
		3914C92129B0DC300001377B /* Resources */ = {
			isa = PBXGroup;
			children = (
				3914C90829B0D7E40001377B /* AppDelegate.swift */,
				3914C90A29B0D7E40001377B /* SceneDelegate.swift */,
				3914C91429B0D7E50001377B /* Assets.xcassets */,
				3914C91629B0D7E50001377B /* LaunchScreen.storyboard */,
				3914C92229B0DCE60001377B /* IDQConstants.swift */,
				3914C92F29B0FBE90001377B /* IDQExtensions.swift */,
			);
			path = Resources;
			sourceTree = "<group>";
		};
		3914C92A29B0EC810001377B /* OtherControllers */ = {
			isa = PBXGroup;
			children = (
				3914C92429B0EB8A0001377B /* IDQGameViewController.swift */,
				3914C92D29B0ED260001377B /* IDQGameOptionsViewController.swift */,
				39962B2A29C9CC93001350F8 /* IDQGameResultViewController.swift */,
			);
			path = OtherControllers;
			sourceTree = "<group>";
		};
		3914C93129B10B190001377B /* View */ = {
			isa = PBXGroup;
			children = (
				39267BB229E82904007DD96F /* StatsView_SwiftUI */,
				3952D1DC29B8ABB10061C5C9 /* PlayViews */,
				39E2256D29B8F6F400830F1A /* GameViews */,
			);
			path = View;
			sourceTree = "<group>";
		};
		391DDB6929EB28F0003AAD2D /* StatsSubViews_SwiftUI */ = {
			isa = PBXGroup;
			children = (
				396793DC29E8961B00A476E2 /* IDQStatsUpperView.swift */,
				391DDB6A29EB2917003AAD2D /* IDQStatsMetricsHStackView.swift */,
				39E0707E29EC7EA800AE1858 /* IDQMainStatsView.swift */,
				3920A18329EAB1CE001A1522 /* IDQStatsMetricBoxView.swift */,
				39E0707C29EC719200AE1858 /* IDQTrophyView.swift */,
			);
			path = StatsSubViews_SwiftUI;
			sourceTree = "<group>";
		};
		3920A1B529EB0FC5001A1522 /* Manager */ = {
			isa = PBXGroup;
			children = (
				39267BA829E81742007DD96F /* IDQUserManager.swift */,
				3920A19129EAE939001A1522 /* IDQTopicMetricManager.swift */,
				3920A1B329EAFCA2001A1522 /* IDQDifficultyMetricManager.swift */,
				39267BB729E8364D007DD96F /* IDQQuizResultManager.swift */,
			);
			path = Manager;
			sourceTree = "<group>";
		};
		39267BB229E82904007DD96F /* StatsView_SwiftUI */ = {
			isa = PBXGroup;
			children = (
				39267BB329E82923007DD96F /* IDQStatsView.swift */,
				391DDB6929EB28F0003AAD2D /* StatsSubViews_SwiftUI */,
			);
			path = StatsView_SwiftUI;
			sourceTree = "<group>";
		};
		3952D1DC29B8ABB10061C5C9 /* PlayViews */ = {
			isa = PBXGroup;
			children = (
				3914C93229B10B300001377B /* IDQPlayView.swift */,
				3952D1DD29B8AC220061C5C9 /* StartButtonView.swift */,
				39962B2C29C9CD38001350F8 /* IDQResultView.swift */,
				3905B24D29E03FFD00E3A632 /* ResultViewSubviews */,
			);
			path = PlayViews;
			sourceTree = "<group>";
		};
		3952D1DF29B8C6710061C5C9 /* ViewModel */ = {
			isa = PBXGroup;
			children = (
				3952D1E029B8C6A10061C5C9 /* IDQPlayViewViewModel.swift */,
				3948B15629B942D600E2841F /* IDQGameViewViewModel.swift */,
				39962B2E29C9D28C001350F8 /* IDQResultViewViewModel.swift */,
				39AF9C4329CA22830005AF88 /* IDQResultCollectionViewCellViewModel.swift */,
				3901BE7129D705930099CE86 /* IDQAnswerResultViewViewModel.swift */,
				39267BB929E839AD007DD96F /* IDQStatsViewViewModel.swift */,
				391DDB6C29EB2A48003AAD2D /* IDQStatsMetricBoxViewViewModel.swift */,
			);
			path = ViewModel;
			sourceTree = "<group>";
		};
		3952D1E229B8C7050061C5C9 /* Model */ = {
			isa = PBXGroup;
			children = (
				3920A1B529EB0FC5001A1522 /* Manager */,
				3952D1E329B8C70D0061C5C9 /* IDQGame.swift */,
				3952D1E629B8D6DC0061C5C9 /* IDQQuestion.swift */,
				3952D1E829B8DA530061C5C9 /* IDQAnswer.swift */,
				3942949129C37AEE00E15FE1 /* IDQQuiz.swift */,
			);
			path = Model;
			sourceTree = "<group>";
		};
		39E2256D29B8F6F400830F1A /* GameViews */ = {
			isa = PBXGroup;
			children = (
				39E2256E29B8F71500830F1A /* IDQGameView.swift */,
				392415C029BA9E9B006D6590 /* CountDownView.swift */,
				3909BBAB29BDFB7400A97F17 /* IDQGameAnswerCollectionViewCell.swift */,
				396B6A9229C127990098A4E5 /* IDQAnswerResultView.swift */,
				39743AEB29D9AD0600D1C341 /* IDQExitQuizView.swift */,
			);
			path = GameViews;
			sourceTree = "<group>";
		};
/* End PBXGroup section */

/* Begin PBXNativeTarget section */
		3914C90429B0D7E40001377B /* iOSDevQuiz */ = {
			isa = PBXNativeTarget;
			buildConfigurationList = 3914C91C29B0D7E50001377B /* Build configuration list for PBXNativeTarget "iOSDevQuiz" */;
			buildPhases = (
				3914C90129B0D7E40001377B /* Sources */,
				3914C90229B0D7E40001377B /* Frameworks */,
				3914C90329B0D7E40001377B /* Resources */,
			);
			buildRules = (
			);
			dependencies = (
			);
			name = iOSDevQuiz;
			productName = iOSDevQuiz;
			productReference = 3914C90529B0D7E40001377B /* iOSDevQuiz.app */;
			productType = "com.apple.product-type.application";
		};
/* End PBXNativeTarget section */

/* Begin PBXProject section */
		3914C8FD29B0D7E40001377B /* Project object */ = {
			isa = PBXProject;
			attributes = {
				BuildIndependentTargetsInParallel = 1;
				LastSwiftUpdateCheck = 1420;
				LastUpgradeCheck = 1420;
				TargetAttributes = {
					3914C90429B0D7E40001377B = {
						CreatedOnToolsVersion = 14.2;
					};
				};
			};
			buildConfigurationList = 3914C90029B0D7E40001377B /* Build configuration list for PBXProject "iOSDevQuiz" */;
			compatibilityVersion = "Xcode 14.0";
			developmentRegion = en;
			hasScannedForEncodings = 0;
			knownRegions = (
				en,
				Base,
			);
			mainGroup = 3914C8FC29B0D7E40001377B;
			productRefGroup = 3914C90629B0D7E40001377B /* Products */;
			projectDirPath = "";
			projectRoot = "";
			targets = (
				3914C90429B0D7E40001377B /* iOSDevQuiz */,
			);
		};
/* End PBXProject section */

/* Begin PBXResourcesBuildPhase section */
		3914C90329B0D7E40001377B /* Resources */ = {
			isa = PBXResourcesBuildPhase;
			buildActionMask = 2147483647;
			files = (
				3914C91829B0D7E50001377B /* LaunchScreen.storyboard in Resources */,
				3914C91529B0D7E50001377B /* Assets.xcassets in Resources */,
			);
			runOnlyForDeploymentPostprocessing = 0;
		};
/* End PBXResourcesBuildPhase section */

/* Begin PBXSourcesBuildPhase section */
		3914C90129B0D7E40001377B /* Sources */ = {
			isa = PBXSourcesBuildPhase;
			buildActionMask = 2147483647;
			files = (
				3914C92929B0EBF10001377B /* IDQSettingsViewController.swift in Sources */,
				396B6A9329C127990098A4E5 /* IDQAnswerResultView.swift in Sources */,
				3914C90D29B0D7E40001377B /* IDQTabBarController.swift in Sources */,
				3952D1E729B8D6DC0061C5C9 /* IDQQuestion.swift in Sources */,
				3952D1E929B8DA530061C5C9 /* IDQAnswer.swift in Sources */,
				3914C93029B0FBE90001377B /* IDQExtensions.swift in Sources */,
				39962B2D29C9CD38001350F8 /* IDQResultView.swift in Sources */,
				39962B2F29C9D28C001350F8 /* IDQResultViewViewModel.swift in Sources */,
				391DDB6B29EB2917003AAD2D /* IDQStatsMetricsHStackView.swift in Sources */,
				39962B2B29C9CC93001350F8 /* IDQGameResultViewController.swift in Sources */,
				3914C93329B10B300001377B /* IDQPlayView.swift in Sources */,
				3905B24C29E0372A00E3A632 /* IDQScoreView.swift in Sources */,
				3914C92529B0EB8A0001377B /* IDQGameViewController.swift in Sources */,
				39E0707D29EC719200AE1858 /* IDQTrophyView.swift in Sources */,
				3920A1B029EAFBEE001A1522 /* IDQUser+CoreDataProperties.swift in Sources */,
				3914C92729B0EBD20001377B /* IDQStatsViewController.swift in Sources */,
				3914C90929B0D7E40001377B /* AppDelegate.swift in Sources */,
				3909BBAC29BDFB7400A97F17 /* IDQGameAnswerCollectionViewCell.swift in Sources */,
				39904E0029E0792E009F9380 /* IDQPercentageView.swift in Sources */,
				39267BB429E82923007DD96F /* IDQStatsView.swift in Sources */,
				39267BA929E81742007DD96F /* IDQUserManager.swift in Sources */,
				39E2256F29B8F71500830F1A /* IDQGameView.swift in Sources */,
				39E0707F29EC7EA800AE1858 /* IDQMainStatsView.swift in Sources */,
				3952D1DE29B8AC220061C5C9 /* StartButtonView.swift in Sources */,
				3914C92329B0DCE60001377B /* IDQConstants.swift in Sources */,
				39AF9C4429CA22830005AF88 /* IDQResultCollectionViewCellViewModel.swift in Sources */,
				3914C92E29B0ED260001377B /* IDQGameOptionsViewController.swift in Sources */,
				3905B24F29E0403C00E3A632 /* IDQTimeView.swift in Sources */,
				3952D1E129B8C6A10061C5C9 /* IDQPlayViewViewModel.swift in Sources */,
				3914C91329B0D7E40001377B /* iOSDevQuiz.xcdatamodeld in Sources */,
				396793DD29E8961B00A476E2 /* IDQStatsUpperView.swift in Sources */,
				39267BBA29E839AD007DD96F /* IDQStatsViewViewModel.swift in Sources */,
				39962B3129C9EDA4001350F8 /* IDQResultCollectionViewCell.swift in Sources */,
				3920A19229EAE939001A1522 /* IDQTopicMetricManager.swift in Sources */,
				3920A1B429EAFCA2001A1522 /* IDQDifficultyMetricManager.swift in Sources */,
				3920A1AC29EAFBEE001A1522 /* IDQDifficultyMetrics+CoreDataProperties.swift in Sources */,
				39743AEC29D9AD0600D1C341 /* IDQExitQuizView.swift in Sources */,
				391DDB6D29EB2A48003AAD2D /* IDQStatsMetricBoxViewViewModel.swift in Sources */,
				3920A1B229EAFBEE001A1522 /* IDQTopicMetrics+CoreDataProperties.swift in Sources */,
				3948B15729B942D600E2841F /* IDQGameViewViewModel.swift in Sources */,
				3920A1AD29EAFBEE001A1522 /* IDQQuizResult+CoreDataClass.swift in Sources */,
				3952D1E429B8C70D0061C5C9 /* IDQGame.swift in Sources */,
				3901BE7229D705930099CE86 /* IDQAnswerResultViewViewModel.swift in Sources */,
				3920A1B129EAFBEE001A1522 /* IDQTopicMetrics+CoreDataClass.swift in Sources */,
				3914C90B29B0D7E40001377B /* SceneDelegate.swift in Sources */,
				392415C129BA9E9B006D6590 /* CountDownView.swift in Sources */,
				3920A1AF29EAFBEE001A1522 /* IDQUser+CoreDataClass.swift in Sources */,
				3920A1AE29EAFBEE001A1522 /* IDQQuizResult+CoreDataProperties.swift in Sources */,
				3920A1AB29EAFBEE001A1522 /* IDQDifficultyMetrics+CoreDataClass.swift in Sources */,
				3920A18429EAB1CE001A1522 /* IDQStatsMetricBoxView.swift in Sources */,
				3914C92C29B0ECFB0001377B /* IDQPlayViewController.swift in Sources */,
				39267BB829E8364D007DD96F /* IDQQuizResultManager.swift in Sources */,
				3942949229C37AEE00E15FE1 /* IDQQuiz.swift in Sources */,
			);
			runOnlyForDeploymentPostprocessing = 0;
		};
/* End PBXSourcesBuildPhase section */

/* Begin PBXVariantGroup section */
		3914C91629B0D7E50001377B /* LaunchScreen.storyboard */ = {
			isa = PBXVariantGroup;
			children = (
				3914C91729B0D7E50001377B /* Base */,
			);
			name = LaunchScreen.storyboard;
			sourceTree = "<group>";
		};
/* End PBXVariantGroup section */

/* Begin XCBuildConfiguration section */
		3914C91A29B0D7E50001377B /* Debug */ = {
			isa = XCBuildConfiguration;
			buildSettings = {
				ALWAYS_SEARCH_USER_PATHS = NO;
				CLANG_ANALYZER_NONNULL = YES;
				CLANG_ANALYZER_NUMBER_OBJECT_CONVERSION = YES_AGGRESSIVE;
				CLANG_CXX_LANGUAGE_STANDARD = "gnu++20";
				CLANG_ENABLE_MODULES = YES;
				CLANG_ENABLE_OBJC_ARC = YES;
				CLANG_ENABLE_OBJC_WEAK = YES;
				CLANG_WARN_BLOCK_CAPTURE_AUTORELEASING = YES;
				CLANG_WARN_BOOL_CONVERSION = YES;
				CLANG_WARN_COMMA = YES;
				CLANG_WARN_CONSTANT_CONVERSION = YES;
				CLANG_WARN_DEPRECATED_OBJC_IMPLEMENTATIONS = YES;
				CLANG_WARN_DIRECT_OBJC_ISA_USAGE = YES_ERROR;
				CLANG_WARN_DOCUMENTATION_COMMENTS = YES;
				CLANG_WARN_EMPTY_BODY = YES;
				CLANG_WARN_ENUM_CONVERSION = YES;
				CLANG_WARN_INFINITE_RECURSION = YES;
				CLANG_WARN_INT_CONVERSION = YES;
				CLANG_WARN_NON_LITERAL_NULL_CONVERSION = YES;
				CLANG_WARN_OBJC_IMPLICIT_RETAIN_SELF = YES;
				CLANG_WARN_OBJC_LITERAL_CONVERSION = YES;
				CLANG_WARN_OBJC_ROOT_CLASS = YES_ERROR;
				CLANG_WARN_QUOTED_INCLUDE_IN_FRAMEWORK_HEADER = YES;
				CLANG_WARN_RANGE_LOOP_ANALYSIS = YES;
				CLANG_WARN_STRICT_PROTOTYPES = YES;
				CLANG_WARN_SUSPICIOUS_MOVE = YES;
				CLANG_WARN_UNGUARDED_AVAILABILITY = YES_AGGRESSIVE;
				CLANG_WARN_UNREACHABLE_CODE = YES;
				CLANG_WARN__DUPLICATE_METHOD_MATCH = YES;
				COPY_PHASE_STRIP = NO;
				DEBUG_INFORMATION_FORMAT = dwarf;
				ENABLE_STRICT_OBJC_MSGSEND = YES;
				ENABLE_TESTABILITY = YES;
				GCC_C_LANGUAGE_STANDARD = gnu11;
				GCC_DYNAMIC_NO_PIC = NO;
				GCC_NO_COMMON_BLOCKS = YES;
				GCC_OPTIMIZATION_LEVEL = 0;
				GCC_PREPROCESSOR_DEFINITIONS = (
					"DEBUG=1",
					"$(inherited)",
				);
				GCC_WARN_64_TO_32_BIT_CONVERSION = YES;
				GCC_WARN_ABOUT_RETURN_TYPE = YES_ERROR;
				GCC_WARN_UNDECLARED_SELECTOR = YES;
				GCC_WARN_UNINITIALIZED_AUTOS = YES_AGGRESSIVE;
				GCC_WARN_UNUSED_FUNCTION = YES;
				GCC_WARN_UNUSED_VARIABLE = YES;
				IPHONEOS_DEPLOYMENT_TARGET = 16.2;
				MTL_ENABLE_DEBUG_INFO = INCLUDE_SOURCE;
				MTL_FAST_MATH = YES;
				ONLY_ACTIVE_ARCH = YES;
				SDKROOT = iphoneos;
				SWIFT_ACTIVE_COMPILATION_CONDITIONS = DEBUG;
				SWIFT_OPTIMIZATION_LEVEL = "-Onone";
			};
			name = Debug;
		};
		3914C91B29B0D7E50001377B /* Release */ = {
			isa = XCBuildConfiguration;
			buildSettings = {
				ALWAYS_SEARCH_USER_PATHS = NO;
				CLANG_ANALYZER_NONNULL = YES;
				CLANG_ANALYZER_NUMBER_OBJECT_CONVERSION = YES_AGGRESSIVE;
				CLANG_CXX_LANGUAGE_STANDARD = "gnu++20";
				CLANG_ENABLE_MODULES = YES;
				CLANG_ENABLE_OBJC_ARC = YES;
				CLANG_ENABLE_OBJC_WEAK = YES;
				CLANG_WARN_BLOCK_CAPTURE_AUTORELEASING = YES;
				CLANG_WARN_BOOL_CONVERSION = YES;
				CLANG_WARN_COMMA = YES;
				CLANG_WARN_CONSTANT_CONVERSION = YES;
				CLANG_WARN_DEPRECATED_OBJC_IMPLEMENTATIONS = YES;
				CLANG_WARN_DIRECT_OBJC_ISA_USAGE = YES_ERROR;
				CLANG_WARN_DOCUMENTATION_COMMENTS = YES;
				CLANG_WARN_EMPTY_BODY = YES;
				CLANG_WARN_ENUM_CONVERSION = YES;
				CLANG_WARN_INFINITE_RECURSION = YES;
				CLANG_WARN_INT_CONVERSION = YES;
				CLANG_WARN_NON_LITERAL_NULL_CONVERSION = YES;
				CLANG_WARN_OBJC_IMPLICIT_RETAIN_SELF = YES;
				CLANG_WARN_OBJC_LITERAL_CONVERSION = YES;
				CLANG_WARN_OBJC_ROOT_CLASS = YES_ERROR;
				CLANG_WARN_QUOTED_INCLUDE_IN_FRAMEWORK_HEADER = YES;
				CLANG_WARN_RANGE_LOOP_ANALYSIS = YES;
				CLANG_WARN_STRICT_PROTOTYPES = YES;
				CLANG_WARN_SUSPICIOUS_MOVE = YES;
				CLANG_WARN_UNGUARDED_AVAILABILITY = YES_AGGRESSIVE;
				CLANG_WARN_UNREACHABLE_CODE = YES;
				CLANG_WARN__DUPLICATE_METHOD_MATCH = YES;
				COPY_PHASE_STRIP = NO;
				DEBUG_INFORMATION_FORMAT = "dwarf-with-dsym";
				ENABLE_NS_ASSERTIONS = NO;
				ENABLE_STRICT_OBJC_MSGSEND = YES;
				GCC_C_LANGUAGE_STANDARD = gnu11;
				GCC_NO_COMMON_BLOCKS = YES;
				GCC_WARN_64_TO_32_BIT_CONVERSION = YES;
				GCC_WARN_ABOUT_RETURN_TYPE = YES_ERROR;
				GCC_WARN_UNDECLARED_SELECTOR = YES;
				GCC_WARN_UNINITIALIZED_AUTOS = YES_AGGRESSIVE;
				GCC_WARN_UNUSED_FUNCTION = YES;
				GCC_WARN_UNUSED_VARIABLE = YES;
				IPHONEOS_DEPLOYMENT_TARGET = 16.2;
				MTL_ENABLE_DEBUG_INFO = NO;
				MTL_FAST_MATH = YES;
				SDKROOT = iphoneos;
				SWIFT_COMPILATION_MODE = wholemodule;
				SWIFT_OPTIMIZATION_LEVEL = "-O";
				VALIDATE_PRODUCT = YES;
			};
			name = Release;
		};
		3914C91D29B0D7E50001377B /* Debug */ = {
			isa = XCBuildConfiguration;
			buildSettings = {
				ASSETCATALOG_COMPILER_APPICON_NAME = AppIcon;
				ASSETCATALOG_COMPILER_GLOBAL_ACCENT_COLOR_NAME = AccentColor;
				CODE_SIGN_STYLE = Automatic;
				CURRENT_PROJECT_VERSION = 1;
				DEVELOPMENT_TEAM = L25LXZY6LR;
				GENERATE_INFOPLIST_FILE = YES;
				INFOPLIST_FILE = iOSDevQuiz/Info.plist;
				INFOPLIST_KEY_CFBundleDisplayName = "iOS Dev Quiz";
				INFOPLIST_KEY_LSApplicationCategoryType = "public.app-category.education";
				INFOPLIST_KEY_UIApplicationSupportsIndirectInputEvents = YES;
				INFOPLIST_KEY_UILaunchStoryboardName = LaunchScreen;
				INFOPLIST_KEY_UISupportedInterfaceOrientations = UIInterfaceOrientationPortrait;
				IPHONEOS_DEPLOYMENT_TARGET = 16.0;
				LD_RUNPATH_SEARCH_PATHS = (
					"$(inherited)",
					"@executable_path/Frameworks",
				);
				MARKETING_VERSION = 1.0;
				PRODUCT_BUNDLE_IDENTIFIER = com.danielkarath.iOSDevQuiz;
				PRODUCT_NAME = "$(TARGET_NAME)";
				SWIFT_EMIT_LOC_STRINGS = YES;
				SWIFT_VERSION = 5.0;
				TARGETED_DEVICE_FAMILY = "1,2";
			};
			name = Debug;
		};
		3914C91E29B0D7E50001377B /* Release */ = {
			isa = XCBuildConfiguration;
			buildSettings = {
				ASSETCATALOG_COMPILER_APPICON_NAME = AppIcon;
				ASSETCATALOG_COMPILER_GLOBAL_ACCENT_COLOR_NAME = AccentColor;
				CODE_SIGN_STYLE = Automatic;
				CURRENT_PROJECT_VERSION = 1;
				DEVELOPMENT_TEAM = L25LXZY6LR;
				GENERATE_INFOPLIST_FILE = YES;
				INFOPLIST_FILE = iOSDevQuiz/Info.plist;
				INFOPLIST_KEY_CFBundleDisplayName = "iOS Dev Quiz";
				INFOPLIST_KEY_LSApplicationCategoryType = "public.app-category.education";
				INFOPLIST_KEY_UIApplicationSupportsIndirectInputEvents = YES;
				INFOPLIST_KEY_UILaunchStoryboardName = LaunchScreen;
				INFOPLIST_KEY_UISupportedInterfaceOrientations = UIInterfaceOrientationPortrait;
				IPHONEOS_DEPLOYMENT_TARGET = 16.0;
				LD_RUNPATH_SEARCH_PATHS = (
					"$(inherited)",
					"@executable_path/Frameworks",
				);
				MARKETING_VERSION = 1.0;
				PRODUCT_BUNDLE_IDENTIFIER = com.danielkarath.iOSDevQuiz;
				PRODUCT_NAME = "$(TARGET_NAME)";
				SWIFT_EMIT_LOC_STRINGS = YES;
				SWIFT_VERSION = 5.0;
				TARGETED_DEVICE_FAMILY = "1,2";
			};
			name = Release;
		};
/* End XCBuildConfiguration section */

/* Begin XCConfigurationList section */
		3914C90029B0D7E40001377B /* Build configuration list for PBXProject "iOSDevQuiz" */ = {
			isa = XCConfigurationList;
			buildConfigurations = (
				3914C91A29B0D7E50001377B /* Debug */,
				3914C91B29B0D7E50001377B /* Release */,
			);
			defaultConfigurationIsVisible = 0;
			defaultConfigurationName = Release;
		};
		3914C91C29B0D7E50001377B /* Build configuration list for PBXNativeTarget "iOSDevQuiz" */ = {
			isa = XCConfigurationList;
			buildConfigurations = (
				3914C91D29B0D7E50001377B /* Debug */,
				3914C91E29B0D7E50001377B /* Release */,
			);
			defaultConfigurationIsVisible = 0;
			defaultConfigurationName = Release;
		};
/* End XCConfigurationList section */

/* Begin XCVersionGroup section */
		3914C91129B0D7E40001377B /* iOSDevQuiz.xcdatamodeld */ = {
			isa = XCVersionGroup;
			children = (
				3914C91229B0D7E40001377B /* iOSDevQuiz.xcdatamodel */,
			);
			currentVersion = 3914C91229B0D7E40001377B /* iOSDevQuiz.xcdatamodel */;
			path = iOSDevQuiz.xcdatamodeld;
			sourceTree = "<group>";
			versionGroupType = wrapper.xcdatamodel;
		};
/* End XCVersionGroup section */
	};
	rootObject = 3914C8FD29B0D7E40001377B /* Project object */;
}
