// !$*UTF8*$!
{
	archiveVersion = 1;
	classes = {
	};
	objectVersion = 56;
	objects = {

/* Begin PBXBuildFile section */
		3901B87C29EF1A1A00CEECA4 /* IDQSettingsView.swift in Sources */ = {isa = PBXBuildFile; fileRef = 3901B87B29EF1A1A00CEECA4 /* IDQSettingsView.swift */; };
		3901B87E29EF1C0300CEECA4 /* IDQSettingsViewViewModel.swift in Sources */ = {isa = PBXBuildFile; fileRef = 3901B87D29EF1C0300CEECA4 /* IDQSettingsViewViewModel.swift */; };
		3901B88229EF33EE00CEECA4 /* IDQAboutView.swift in Sources */ = {isa = PBXBuildFile; fileRef = 3901B88129EF33EE00CEECA4 /* IDQAboutView.swift */; };
		3901B88429EFE74A00CEECA4 /* IDQDismissButtonView.swift in Sources */ = {isa = PBXBuildFile; fileRef = 3901B88329EFE74A00CEECA4 /* IDQDismissButtonView.swift */; };
		3901B88629EFEEF400CEECA4 /* IDQAppIconView.swift in Sources */ = {isa = PBXBuildFile; fileRef = 3901B88529EFEEF400CEECA4 /* IDQAppIconView.swift */; };
		3901B88929EFF45100CEECA4 /* IDQAboutTextView.swift in Sources */ = {isa = PBXBuildFile; fileRef = 3901B88829EFF45100CEECA4 /* IDQAboutTextView.swift */; };
		3901B88B29F01DB500CEECA4 /* IDQSocialMediaView.swift in Sources */ = {isa = PBXBuildFile; fileRef = 3901B88A29F01DB500CEECA4 /* IDQSocialMediaView.swift */; };
		3901B88F29F031C800CEECA4 /* IDQAboutViewViewModel.swift in Sources */ = {isa = PBXBuildFile; fileRef = 3901B88E29F031C800CEECA4 /* IDQAboutViewViewModel.swift */; };
		3901B89129F0641900CEECA4 /* IDQSettingsViewCell.swift in Sources */ = {isa = PBXBuildFile; fileRef = 3901B89029F0641900CEECA4 /* IDQSettingsViewCell.swift */; };
		3901BE7229D705930099CE86 /* IDQAnswerResultViewViewModel.swift in Sources */ = {isa = PBXBuildFile; fileRef = 3901BE7129D705930099CE86 /* IDQAnswerResultViewViewModel.swift */; };
		3905B24C29E0372A00E3A632 /* IDQScoreView.swift in Sources */ = {isa = PBXBuildFile; fileRef = 3905B24B29E0372A00E3A632 /* IDQScoreView.swift */; };
		3905B24F29E0403C00E3A632 /* IDQTimeView.swift in Sources */ = {isa = PBXBuildFile; fileRef = 3905B24E29E0403C00E3A632 /* IDQTimeView.swift */; };
		3909BBAC29BDFB7400A97F17 /* IDQGameAnswerCollectionViewCell.swift in Sources */ = {isa = PBXBuildFile; fileRef = 3909BBAB29BDFB7400A97F17 /* IDQGameAnswerCollectionViewCell.swift */; };
		3914C90929B0D7E40001377B /* AppDelegate.swift in Sources */ = {isa = PBXBuildFile; fileRef = 3914C90829B0D7E40001377B /* AppDelegate.swift */; };
		3914C90B29B0D7E40001377B /* SceneDelegate.swift in Sources */ = {isa = PBXBuildFile; fileRef = 3914C90A29B0D7E40001377B /* SceneDelegate.swift */; };
		3914C90D29B0D7E40001377B /* IDQTabBarController.swift in Sources */ = {isa = PBXBuildFile; fileRef = 3914C90C29B0D7E40001377B /* IDQTabBarController.swift */; };
		3914C91329B0D7E40001377B /* iOSDevQuiz.xcdatamodeld in Sources */ = {isa = PBXBuildFile; fileRef = 3914C91129B0D7E40001377B /* iOSDevQuiz.xcdatamodeld */; };
		3914C91529B0D7E50001377B /* Assets.xcassets in Resources */ = {isa = PBXBuildFile; fileRef = 3914C91429B0D7E50001377B /* Assets.xcassets */; };
		3914C91829B0D7E50001377B /* LaunchScreen.storyboard in Resources */ = {isa = PBXBuildFile; fileRef = 3914C91629B0D7E50001377B /* LaunchScreen.storyboard */; };
		3914C92329B0DCE60001377B /* IDQConstants.swift in Sources */ = {isa = PBXBuildFile; fileRef = 3914C92229B0DCE60001377B /* IDQConstants.swift */; };
		3914C92529B0EB8A0001377B /* IDQGameViewController.swift in Sources */ = {isa = PBXBuildFile; fileRef = 3914C92429B0EB8A0001377B /* IDQGameViewController.swift */; };
		3914C92729B0EBD20001377B /* IDQStatsViewController.swift in Sources */ = {isa = PBXBuildFile; fileRef = 3914C92629B0EBD20001377B /* IDQStatsViewController.swift */; };
		3914C92929B0EBF10001377B /* IDQSettingsViewController.swift in Sources */ = {isa = PBXBuildFile; fileRef = 3914C92829B0EBF10001377B /* IDQSettingsViewController.swift */; };
		3914C92C29B0ECFB0001377B /* IDQPlayViewController.swift in Sources */ = {isa = PBXBuildFile; fileRef = 3914C92B29B0ECFB0001377B /* IDQPlayViewController.swift */; };
		3914C92E29B0ED260001377B /* IDQGameOptionsViewController.swift in Sources */ = {isa = PBXBuildFile; fileRef = 3914C92D29B0ED260001377B /* IDQGameOptionsViewController.swift */; };
		3914C93029B0FBE90001377B /* IDQExtensions.swift in Sources */ = {isa = PBXBuildFile; fileRef = 3914C92F29B0FBE90001377B /* IDQExtensions.swift */; };
		3914C93329B10B300001377B /* IDQPlayView.swift in Sources */ = {isa = PBXBuildFile; fileRef = 3914C93229B10B300001377B /* IDQPlayView.swift */; };
		391DDB6B29EB2917003AAD2D /* IDQStatsMetricsHStackView.swift in Sources */ = {isa = PBXBuildFile; fileRef = 391DDB6A29EB2917003AAD2D /* IDQStatsMetricsHStackView.swift */; };
		391DDB6D29EB2A48003AAD2D /* IDQStatsMetricBoxViewViewModel.swift in Sources */ = {isa = PBXBuildFile; fileRef = 391DDB6C29EB2A48003AAD2D /* IDQStatsMetricBoxViewViewModel.swift */; };
		3920A18429EAB1CE001A1522 /* IDQStatsMetricBoxView.swift in Sources */ = {isa = PBXBuildFile; fileRef = 3920A18329EAB1CE001A1522 /* IDQStatsMetricBoxView.swift */; };
		3920A19229EAE939001A1522 /* IDQTopicMetricManager.swift in Sources */ = {isa = PBXBuildFile; fileRef = 3920A19129EAE939001A1522 /* IDQTopicMetricManager.swift */; };
		3920A1AB29EAFBEE001A1522 /* IDQDifficultyMetrics+CoreDataClass.swift in Sources */ = {isa = PBXBuildFile; fileRef = 3920A1A329EAFBEE001A1522 /* IDQDifficultyMetrics+CoreDataClass.swift */; };
		3920A1AC29EAFBEE001A1522 /* IDQDifficultyMetrics+CoreDataProperties.swift in Sources */ = {isa = PBXBuildFile; fileRef = 3920A1A429EAFBEE001A1522 /* IDQDifficultyMetrics+CoreDataProperties.swift */; };
		3920A1AD29EAFBEE001A1522 /* IDQQuizResult+CoreDataClass.swift in Sources */ = {isa = PBXBuildFile; fileRef = 3920A1A529EAFBEE001A1522 /* IDQQuizResult+CoreDataClass.swift */; };
		3920A1AE29EAFBEE001A1522 /* IDQQuizResult+CoreDataProperties.swift in Sources */ = {isa = PBXBuildFile; fileRef = 3920A1A629EAFBEE001A1522 /* IDQQuizResult+CoreDataProperties.swift */; };
		3920A1AF29EAFBEE001A1522 /* IDQUser+CoreDataClass.swift in Sources */ = {isa = PBXBuildFile; fileRef = 3920A1A729EAFBEE001A1522 /* IDQUser+CoreDataClass.swift */; };
		3920A1B029EAFBEE001A1522 /* IDQUser+CoreDataProperties.swift in Sources */ = {isa = PBXBuildFile; fileRef = 3920A1A829EAFBEE001A1522 /* IDQUser+CoreDataProperties.swift */; };
		3920A1B129EAFBEE001A1522 /* IDQTopicMetrics+CoreDataClass.swift in Sources */ = {isa = PBXBuildFile; fileRef = 3920A1A929EAFBEE001A1522 /* IDQTopicMetrics+CoreDataClass.swift */; };
		3920A1B229EAFBEE001A1522 /* IDQTopicMetrics+CoreDataProperties.swift in Sources */ = {isa = PBXBuildFile; fileRef = 3920A1AA29EAFBEE001A1522 /* IDQTopicMetrics+CoreDataProperties.swift */; };
		3920A1B429EAFCA2001A1522 /* IDQDifficultyMetricManager.swift in Sources */ = {isa = PBXBuildFile; fileRef = 3920A1B329EAFCA2001A1522 /* IDQDifficultyMetricManager.swift */; };
		392415C129BA9E9B006D6590 /* CountDownView.swift in Sources */ = {isa = PBXBuildFile; fileRef = 392415C029BA9E9B006D6590 /* CountDownView.swift */; };
		39267BA929E81742007DD96F /* IDQUserManager.swift in Sources */ = {isa = PBXBuildFile; fileRef = 39267BA829E81742007DD96F /* IDQUserManager.swift */; };
		39267BB429E82923007DD96F /* IDQStatsView.swift in Sources */ = {isa = PBXBuildFile; fileRef = 39267BB329E82923007DD96F /* IDQStatsView.swift */; };
		39267BB829E8364D007DD96F /* IDQQuizResultManager.swift in Sources */ = {isa = PBXBuildFile; fileRef = 39267BB729E8364D007DD96F /* IDQQuizResultManager.swift */; };
		39267BBA29E839AD007DD96F /* IDQStatsViewViewModel.swift in Sources */ = {isa = PBXBuildFile; fileRef = 39267BB929E839AD007DD96F /* IDQStatsViewViewModel.swift */; };
		393047E229F91CA90067ED12 /* IDQQuizSettingsView.swift in Sources */ = {isa = PBXBuildFile; fileRef = 393047E129F91CA90067ED12 /* IDQQuizSettingsView.swift */; };
		3932AE1C29EEA832003FFE8B /* IDQDaytimeActivityGroupManager.swift in Sources */ = {isa = PBXBuildFile; fileRef = 3932AE1B29EEA832003FFE8B /* IDQDaytimeActivityGroupManager.swift */; };
		3942949229C37AEE00E15FE1 /* IDQQuiz.swift in Sources */ = {isa = PBXBuildFile; fileRef = 3942949129C37AEE00E15FE1 /* IDQQuiz.swift */; };
		3948B15729B942D600E2841F /* IDQGameViewViewModel.swift in Sources */ = {isa = PBXBuildFile; fileRef = 3948B15629B942D600E2841F /* IDQGameViewViewModel.swift */; };
		3952D1DE29B8AC220061C5C9 /* StartButtonView.swift in Sources */ = {isa = PBXBuildFile; fileRef = 3952D1DD29B8AC220061C5C9 /* StartButtonView.swift */; };
		3952D1E129B8C6A10061C5C9 /* IDQPlayViewViewModel.swift in Sources */ = {isa = PBXBuildFile; fileRef = 3952D1E029B8C6A10061C5C9 /* IDQPlayViewViewModel.swift */; };
		3952D1E429B8C70D0061C5C9 /* IDQGame.swift in Sources */ = {isa = PBXBuildFile; fileRef = 3952D1E329B8C70D0061C5C9 /* IDQGame.swift */; };
		3952D1E729B8D6DC0061C5C9 /* IDQQuestion.swift in Sources */ = {isa = PBXBuildFile; fileRef = 3952D1E629B8D6DC0061C5C9 /* IDQQuestion.swift */; };
		3952D1E929B8DA530061C5C9 /* IDQAnswer.swift in Sources */ = {isa = PBXBuildFile; fileRef = 3952D1E829B8DA530061C5C9 /* IDQAnswer.swift */; };
		3960970F29EEA7BF0061F658 /* IDQDaytimeActivityGroup+CoreDataClass.swift in Sources */ = {isa = PBXBuildFile; fileRef = 3960970D29EEA7BF0061F658 /* IDQDaytimeActivityGroup+CoreDataClass.swift */; };
		3960971029EEA7BF0061F658 /* IDQDaytimeActivityGroup+CoreDataProperties.swift in Sources */ = {isa = PBXBuildFile; fileRef = 3960970E29EEA7BF0061F658 /* IDQDaytimeActivityGroup+CoreDataProperties.swift */; };
		396793DD29E8961B00A476E2 /* IDQStatsUpperView.swift in Sources */ = {isa = PBXBuildFile; fileRef = 396793DC29E8961B00A476E2 /* IDQStatsUpperView.swift */; };
		396B6A9329C127990098A4E5 /* IDQAnswerResultView.swift in Sources */ = {isa = PBXBuildFile; fileRef = 396B6A9229C127990098A4E5 /* IDQAnswerResultView.swift */; };
		39743AEC29D9AD0600D1C341 /* IDQExitQuizView.swift in Sources */ = {isa = PBXBuildFile; fileRef = 39743AEB29D9AD0600D1C341 /* IDQExitQuizView.swift */; };
		39904E0029E0792E009F9380 /* IDQPercentageView.swift in Sources */ = {isa = PBXBuildFile; fileRef = 39904DFF29E0792E009F9380 /* IDQPercentageView.swift */; };
		39962B2B29C9CC93001350F8 /* IDQGameResultViewController.swift in Sources */ = {isa = PBXBuildFile; fileRef = 39962B2A29C9CC93001350F8 /* IDQGameResultViewController.swift */; };
		39962B2D29C9CD38001350F8 /* IDQResultView.swift in Sources */ = {isa = PBXBuildFile; fileRef = 39962B2C29C9CD38001350F8 /* IDQResultView.swift */; };
		39962B2F29C9D28C001350F8 /* IDQResultViewViewModel.swift in Sources */ = {isa = PBXBuildFile; fileRef = 39962B2E29C9D28C001350F8 /* IDQResultViewViewModel.swift */; };
		39962B3129C9EDA4001350F8 /* IDQResultCollectionViewCell.swift in Sources */ = {isa = PBXBuildFile; fileRef = 39962B3029C9EDA4001350F8 /* IDQResultCollectionViewCell.swift */; };
		399DE06129F46EC9007BD3FF /* IDQGradientLabel.swift in Sources */ = {isa = PBXBuildFile; fileRef = 399DE06029F46EC9007BD3FF /* IDQGradientLabel.swift */; };
		39AF9C4429CA22830005AF88 /* IDQResultCollectionViewCellViewModel.swift in Sources */ = {isa = PBXBuildFile; fileRef = 39AF9C4329CA22830005AF88 /* IDQResultCollectionViewCellViewModel.swift */; };
		39AFEEF029FBD2600034F532 /* IDQWeeklyPointsChartView.swift in Sources */ = {isa = PBXBuildFile; fileRef = 39AFEEEF29FBD2600034F532 /* IDQWeeklyPointsChartView.swift */; };
		39AFEEF229FBD2EC0034F532 /* IDQWeeklyPointsChartViewViewModel.swift in Sources */ = {isa = PBXBuildFile; fileRef = 39AFEEF129FBD2EC0034F532 /* IDQWeeklyPointsChartViewViewModel.swift */; };
		39BFF81C29EDA77600003E22 /* IDQQuestionManager.swift in Sources */ = {isa = PBXBuildFile; fileRef = 39BFF81B29EDA77600003E22 /* IDQQuestionManager.swift */; };
		39BFF81E29EDB9A500003E22 /* IDQDisableQuestionView.swift in Sources */ = {isa = PBXBuildFile; fileRef = 39BFF81D29EDB9A500003E22 /* IDQDisableQuestionView.swift */; };
		39E0707D29EC719200AE1858 /* IDQTrophyView.swift in Sources */ = {isa = PBXBuildFile; fileRef = 39E0707C29EC719200AE1858 /* IDQTrophyView.swift */; };
		39E0707F29EC7EA800AE1858 /* IDQMainStatsView.swift in Sources */ = {isa = PBXBuildFile; fileRef = 39E0707E29EC7EA800AE1858 /* IDQMainStatsView.swift */; };
		39E0708129EC8F7000AE1858 /* IDQTargetView.swift in Sources */ = {isa = PBXBuildFile; fileRef = 39E0708029EC8F7000AE1858 /* IDQTargetView.swift */; };
		39E0708329EC9A7300AE1858 /* IDQStreakView.swift in Sources */ = {isa = PBXBuildFile; fileRef = 39E0708229EC9A7300AE1858 /* IDQStreakView.swift */; };
		39E1D86229F2D28F005E6B3A /* IDQBookmarkedQuestionTableViewCell.swift in Sources */ = {isa = PBXBuildFile; fileRef = 39E1D86129F2D28F005E6B3A /* IDQBookmarkedQuestionTableViewCell.swift */; };
		39E2256F29B8F71500830F1A /* IDQGameView.swift in Sources */ = {isa = PBXBuildFile; fileRef = 39E2256E29B8F71500830F1A /* IDQGameView.swift */; };
		39EA5AAD29F17EC700E52DB1 /* IDQInAppPurchaseManager.swift in Sources */ = {isa = PBXBuildFile; fileRef = 39EA5AAC29F17EC700E52DB1 /* IDQInAppPurchaseManager.swift */; };
		39EA5AB029F1968200E52DB1 /* IDQQuizManager.swift in Sources */ = {isa = PBXBuildFile; fileRef = 39EA5AAF29F1968200E52DB1 /* IDQQuizManager.swift */; };
		39EA5AB229F19C3A00E52DB1 /* IDQHighlightEffectViewModifier.swift in Sources */ = {isa = PBXBuildFile; fileRef = 39EA5AB129F19C3A00E52DB1 /* IDQHighlightEffectViewModifier.swift */; };
		39EE86F129FD2265009061D6 /* IDQWeeklyPointsChartViewTitle.swift in Sources */ = {isa = PBXBuildFile; fileRef = 39EE86F029FD2265009061D6 /* IDQWeeklyPointsChartViewTitle.swift */; };
		39EE86F729FD2FD4009061D6 /* IDQWeeklyPointsChangeView.swift in Sources */ = {isa = PBXBuildFile; fileRef = 39EE86F629FD2FD4009061D6 /* IDQWeeklyPointsChangeView.swift */; };
		39EE86FF29FD976B009061D6 /* WidgetKit.framework in Frameworks */ = {isa = PBXBuildFile; fileRef = 39EE86FE29FD976B009061D6 /* WidgetKit.framework */; };
		39EE870129FD976B009061D6 /* SwiftUI.framework in Frameworks */ = {isa = PBXBuildFile; fileRef = 39EE870029FD976B009061D6 /* SwiftUI.framework */; };
		39EE870429FD976B009061D6 /* IDQStreakWidgetBundle.swift in Sources */ = {isa = PBXBuildFile; fileRef = 39EE870329FD976B009061D6 /* IDQStreakWidgetBundle.swift */; };
		39EE870629FD976B009061D6 /* IDQStreakWidgetLiveActivity.swift in Sources */ = {isa = PBXBuildFile; fileRef = 39EE870529FD976B009061D6 /* IDQStreakWidgetLiveActivity.swift */; };
		39EE870829FD976B009061D6 /* IDQStreakWidget.swift in Sources */ = {isa = PBXBuildFile; fileRef = 39EE870729FD976B009061D6 /* IDQStreakWidget.swift */; };
		39EE870B29FD976C009061D6 /* Assets.xcassets in Resources */ = {isa = PBXBuildFile; fileRef = 39EE870A29FD976C009061D6 /* Assets.xcassets */; };
		39EE870D29FD976C009061D6 /* IDQStreakWidget.intentdefinition in Sources */ = {isa = PBXBuildFile; fileRef = 39EE870929FD976B009061D6 /* IDQStreakWidget.intentdefinition */; };
		39EE870E29FD976C009061D6 /* IDQStreakWidget.intentdefinition in Sources */ = {isa = PBXBuildFile; fileRef = 39EE870929FD976B009061D6 /* IDQStreakWidget.intentdefinition */; };
		39EE871129FD976C009061D6 /* IDQStreakWidgetExtension.appex in Embed Foundation Extensions */ = {isa = PBXBuildFile; fileRef = 39EE86FC29FD976B009061D6 /* IDQStreakWidgetExtension.appex */; settings = {ATTRIBUTES = (RemoveHeadersOnCopy, ); }; };
		39EE871629FDBC96009061D6 /* Assets.xcassets in Resources */ = {isa = PBXBuildFile; fileRef = 3914C91429B0D7E50001377B /* Assets.xcassets */; };
		39EE871729FDC1ED009061D6 /* iOSDevQuiz.xcdatamodeld in Sources */ = {isa = PBXBuildFile; fileRef = 3914C91129B0D7E40001377B /* iOSDevQuiz.xcdatamodeld */; };
		39F42DA929F5818100370125 /* IDQRateTheAppView.swift in Sources */ = {isa = PBXBuildFile; fileRef = 39F42DA829F5818100370125 /* IDQRateTheAppView.swift */; };
		39F42DAB29F5826E00370125 /* IDQGradientImageView.swift in Sources */ = {isa = PBXBuildFile; fileRef = 39F42DAA29F5826E00370125 /* IDQGradientImageView.swift */; };
		39F42DAD29F592E900370125 /* IDQUserActivityManager.swift in Sources */ = {isa = PBXBuildFile; fileRef = 39F42DAC29F592E900370125 /* IDQUserActivityManager.swift */; };
		39FD9F5129F2A5C600FF1AD2 /* IDQBookmarkedQuestionsViewController.swift in Sources */ = {isa = PBXBuildFile; fileRef = 39FD9F5029F2A5C600FF1AD2 /* IDQBookmarkedQuestionsViewController.swift */; };
		39FD9F5329F2A64100FF1AD2 /* IDQBookmarkedQuestionsView.swift in Sources */ = {isa = PBXBuildFile; fileRef = 39FD9F5229F2A64100FF1AD2 /* IDQBookmarkedQuestionsView.swift */; };
/* End PBXBuildFile section */

/* Begin PBXContainerItemProxy section */
		39EE870F29FD976C009061D6 /* PBXContainerItemProxy */ = {
			isa = PBXContainerItemProxy;
			containerPortal = 3914C8FD29B0D7E40001377B /* Project object */;
			proxyType = 1;
			remoteGlobalIDString = 39EE86FB29FD976B009061D6;
			remoteInfo = IDQStreakWidgetExtension;
		};
/* End PBXContainerItemProxy section */

/* Begin PBXCopyFilesBuildPhase section */
		39EE871529FD976C009061D6 /* Embed Foundation Extensions */ = {
			isa = PBXCopyFilesBuildPhase;
			buildActionMask = 2147483647;
			dstPath = "";
			dstSubfolderSpec = 13;
			files = (
				39EE871129FD976C009061D6 /* IDQStreakWidgetExtension.appex in Embed Foundation Extensions */,
			);
			name = "Embed Foundation Extensions";
			runOnlyForDeploymentPostprocessing = 0;
		};
/* End PBXCopyFilesBuildPhase section */

/* Begin PBXFileReference section */
		3901B87B29EF1A1A00CEECA4 /* IDQSettingsView.swift */ = {isa = PBXFileReference; lastKnownFileType = sourcecode.swift; path = IDQSettingsView.swift; sourceTree = "<group>"; };
		3901B87D29EF1C0300CEECA4 /* IDQSettingsViewViewModel.swift */ = {isa = PBXFileReference; lastKnownFileType = sourcecode.swift; path = IDQSettingsViewViewModel.swift; sourceTree = "<group>"; };
		3901B88129EF33EE00CEECA4 /* IDQAboutView.swift */ = {isa = PBXFileReference; lastKnownFileType = sourcecode.swift; path = IDQAboutView.swift; sourceTree = "<group>"; };
		3901B88329EFE74A00CEECA4 /* IDQDismissButtonView.swift */ = {isa = PBXFileReference; lastKnownFileType = sourcecode.swift; path = IDQDismissButtonView.swift; sourceTree = "<group>"; };
		3901B88529EFEEF400CEECA4 /* IDQAppIconView.swift */ = {isa = PBXFileReference; lastKnownFileType = sourcecode.swift; path = IDQAppIconView.swift; sourceTree = "<group>"; };
		3901B88829EFF45100CEECA4 /* IDQAboutTextView.swift */ = {isa = PBXFileReference; lastKnownFileType = sourcecode.swift; path = IDQAboutTextView.swift; sourceTree = "<group>"; };
		3901B88A29F01DB500CEECA4 /* IDQSocialMediaView.swift */ = {isa = PBXFileReference; lastKnownFileType = sourcecode.swift; path = IDQSocialMediaView.swift; sourceTree = "<group>"; };
		3901B88E29F031C800CEECA4 /* IDQAboutViewViewModel.swift */ = {isa = PBXFileReference; lastKnownFileType = sourcecode.swift; path = IDQAboutViewViewModel.swift; sourceTree = "<group>"; };
		3901B89029F0641900CEECA4 /* IDQSettingsViewCell.swift */ = {isa = PBXFileReference; lastKnownFileType = sourcecode.swift; path = IDQSettingsViewCell.swift; sourceTree = "<group>"; };
		3901BE7129D705930099CE86 /* IDQAnswerResultViewViewModel.swift */ = {isa = PBXFileReference; lastKnownFileType = sourcecode.swift; path = IDQAnswerResultViewViewModel.swift; sourceTree = "<group>"; };
		3905B24B29E0372A00E3A632 /* IDQScoreView.swift */ = {isa = PBXFileReference; lastKnownFileType = sourcecode.swift; path = IDQScoreView.swift; sourceTree = "<group>"; };
		3905B24E29E0403C00E3A632 /* IDQTimeView.swift */ = {isa = PBXFileReference; lastKnownFileType = sourcecode.swift; path = IDQTimeView.swift; sourceTree = "<group>"; };
		3909BBAB29BDFB7400A97F17 /* IDQGameAnswerCollectionViewCell.swift */ = {isa = PBXFileReference; lastKnownFileType = sourcecode.swift; path = IDQGameAnswerCollectionViewCell.swift; sourceTree = "<group>"; };
		3914C90529B0D7E40001377B /* iOSDevQuiz.app */ = {isa = PBXFileReference; explicitFileType = wrapper.application; includeInIndex = 0; path = iOSDevQuiz.app; sourceTree = BUILT_PRODUCTS_DIR; };
		3914C90829B0D7E40001377B /* AppDelegate.swift */ = {isa = PBXFileReference; lastKnownFileType = sourcecode.swift; path = AppDelegate.swift; sourceTree = "<group>"; };
		3914C90A29B0D7E40001377B /* SceneDelegate.swift */ = {isa = PBXFileReference; lastKnownFileType = sourcecode.swift; path = SceneDelegate.swift; sourceTree = "<group>"; };
		3914C90C29B0D7E40001377B /* IDQTabBarController.swift */ = {isa = PBXFileReference; lastKnownFileType = sourcecode.swift; path = IDQTabBarController.swift; sourceTree = "<group>"; };
		3914C91229B0D7E40001377B /* iOSDevQuiz.xcdatamodel */ = {isa = PBXFileReference; lastKnownFileType = wrapper.xcdatamodel; path = iOSDevQuiz.xcdatamodel; sourceTree = "<group>"; };
		3914C91429B0D7E50001377B /* Assets.xcassets */ = {isa = PBXFileReference; lastKnownFileType = folder.assetcatalog; path = Assets.xcassets; sourceTree = "<group>"; };
		3914C91729B0D7E50001377B /* Base */ = {isa = PBXFileReference; lastKnownFileType = file.storyboard; name = Base; path = Base.lproj/LaunchScreen.storyboard; sourceTree = "<group>"; };
		3914C91929B0D7E50001377B /* Info.plist */ = {isa = PBXFileReference; lastKnownFileType = text.plist.xml; path = Info.plist; sourceTree = "<group>"; };
		3914C92229B0DCE60001377B /* IDQConstants.swift */ = {isa = PBXFileReference; lastKnownFileType = sourcecode.swift; path = IDQConstants.swift; sourceTree = "<group>"; };
		3914C92429B0EB8A0001377B /* IDQGameViewController.swift */ = {isa = PBXFileReference; lastKnownFileType = sourcecode.swift; path = IDQGameViewController.swift; sourceTree = "<group>"; };
		3914C92629B0EBD20001377B /* IDQStatsViewController.swift */ = {isa = PBXFileReference; lastKnownFileType = sourcecode.swift; path = IDQStatsViewController.swift; sourceTree = "<group>"; };
		3914C92829B0EBF10001377B /* IDQSettingsViewController.swift */ = {isa = PBXFileReference; lastKnownFileType = sourcecode.swift; path = IDQSettingsViewController.swift; sourceTree = "<group>"; };
		3914C92B29B0ECFB0001377B /* IDQPlayViewController.swift */ = {isa = PBXFileReference; lastKnownFileType = sourcecode.swift; path = IDQPlayViewController.swift; sourceTree = "<group>"; };
		3914C92D29B0ED260001377B /* IDQGameOptionsViewController.swift */ = {isa = PBXFileReference; lastKnownFileType = sourcecode.swift; path = IDQGameOptionsViewController.swift; sourceTree = "<group>"; };
		3914C92F29B0FBE90001377B /* IDQExtensions.swift */ = {isa = PBXFileReference; lastKnownFileType = sourcecode.swift; path = IDQExtensions.swift; sourceTree = "<group>"; };
		3914C93229B10B300001377B /* IDQPlayView.swift */ = {isa = PBXFileReference; lastKnownFileType = sourcecode.swift; path = IDQPlayView.swift; sourceTree = "<group>"; };
		391DDB6A29EB2917003AAD2D /* IDQStatsMetricsHStackView.swift */ = {isa = PBXFileReference; lastKnownFileType = sourcecode.swift; path = IDQStatsMetricsHStackView.swift; sourceTree = "<group>"; };
		391DDB6C29EB2A48003AAD2D /* IDQStatsMetricBoxViewViewModel.swift */ = {isa = PBXFileReference; lastKnownFileType = sourcecode.swift; path = IDQStatsMetricBoxViewViewModel.swift; sourceTree = "<group>"; };
		3920A18329EAB1CE001A1522 /* IDQStatsMetricBoxView.swift */ = {isa = PBXFileReference; lastKnownFileType = sourcecode.swift; path = IDQStatsMetricBoxView.swift; sourceTree = "<group>"; };
		3920A19129EAE939001A1522 /* IDQTopicMetricManager.swift */ = {isa = PBXFileReference; lastKnownFileType = sourcecode.swift; path = IDQTopicMetricManager.swift; sourceTree = "<group>"; };
		3920A1A329EAFBEE001A1522 /* IDQDifficultyMetrics+CoreDataClass.swift */ = {isa = PBXFileReference; lastKnownFileType = sourcecode.swift; path = "IDQDifficultyMetrics+CoreDataClass.swift"; sourceTree = "<group>"; };
		3920A1A429EAFBEE001A1522 /* IDQDifficultyMetrics+CoreDataProperties.swift */ = {isa = PBXFileReference; lastKnownFileType = sourcecode.swift; path = "IDQDifficultyMetrics+CoreDataProperties.swift"; sourceTree = "<group>"; };
		3920A1A529EAFBEE001A1522 /* IDQQuizResult+CoreDataClass.swift */ = {isa = PBXFileReference; lastKnownFileType = sourcecode.swift; path = "IDQQuizResult+CoreDataClass.swift"; sourceTree = "<group>"; };
		3920A1A629EAFBEE001A1522 /* IDQQuizResult+CoreDataProperties.swift */ = {isa = PBXFileReference; lastKnownFileType = sourcecode.swift; path = "IDQQuizResult+CoreDataProperties.swift"; sourceTree = "<group>"; };
		3920A1A729EAFBEE001A1522 /* IDQUser+CoreDataClass.swift */ = {isa = PBXFileReference; lastKnownFileType = sourcecode.swift; path = "IDQUser+CoreDataClass.swift"; sourceTree = "<group>"; };
		3920A1A829EAFBEE001A1522 /* IDQUser+CoreDataProperties.swift */ = {isa = PBXFileReference; lastKnownFileType = sourcecode.swift; path = "IDQUser+CoreDataProperties.swift"; sourceTree = "<group>"; };
		3920A1A929EAFBEE001A1522 /* IDQTopicMetrics+CoreDataClass.swift */ = {isa = PBXFileReference; lastKnownFileType = sourcecode.swift; path = "IDQTopicMetrics+CoreDataClass.swift"; sourceTree = "<group>"; };
		3920A1AA29EAFBEE001A1522 /* IDQTopicMetrics+CoreDataProperties.swift */ = {isa = PBXFileReference; lastKnownFileType = sourcecode.swift; path = "IDQTopicMetrics+CoreDataProperties.swift"; sourceTree = "<group>"; };
		3920A1B329EAFCA2001A1522 /* IDQDifficultyMetricManager.swift */ = {isa = PBXFileReference; lastKnownFileType = sourcecode.swift; path = IDQDifficultyMetricManager.swift; sourceTree = "<group>"; };
		392415C029BA9E9B006D6590 /* CountDownView.swift */ = {isa = PBXFileReference; lastKnownFileType = sourcecode.swift; path = CountDownView.swift; sourceTree = "<group>"; };
		39267BA829E81742007DD96F /* IDQUserManager.swift */ = {isa = PBXFileReference; lastKnownFileType = sourcecode.swift; path = IDQUserManager.swift; sourceTree = "<group>"; };
		39267BB329E82923007DD96F /* IDQStatsView.swift */ = {isa = PBXFileReference; lastKnownFileType = sourcecode.swift; path = IDQStatsView.swift; sourceTree = "<group>"; };
		39267BB729E8364D007DD96F /* IDQQuizResultManager.swift */ = {isa = PBXFileReference; lastKnownFileType = sourcecode.swift; path = IDQQuizResultManager.swift; sourceTree = "<group>"; };
		39267BB929E839AD007DD96F /* IDQStatsViewViewModel.swift */ = {isa = PBXFileReference; lastKnownFileType = sourcecode.swift; path = IDQStatsViewViewModel.swift; sourceTree = "<group>"; };
		393047E129F91CA90067ED12 /* IDQQuizSettingsView.swift */ = {isa = PBXFileReference; lastKnownFileType = sourcecode.swift; path = IDQQuizSettingsView.swift; sourceTree = "<group>"; };
		3932AE1B29EEA832003FFE8B /* IDQDaytimeActivityGroupManager.swift */ = {isa = PBXFileReference; lastKnownFileType = sourcecode.swift; path = IDQDaytimeActivityGroupManager.swift; sourceTree = "<group>"; };
		3942949129C37AEE00E15FE1 /* IDQQuiz.swift */ = {isa = PBXFileReference; lastKnownFileType = sourcecode.swift; path = IDQQuiz.swift; sourceTree = "<group>"; };
		3948B15629B942D600E2841F /* IDQGameViewViewModel.swift */ = {isa = PBXFileReference; lastKnownFileType = sourcecode.swift; path = IDQGameViewViewModel.swift; sourceTree = "<group>"; };
		3952D1DD29B8AC220061C5C9 /* StartButtonView.swift */ = {isa = PBXFileReference; lastKnownFileType = sourcecode.swift; path = StartButtonView.swift; sourceTree = "<group>"; };
		3952D1E029B8C6A10061C5C9 /* IDQPlayViewViewModel.swift */ = {isa = PBXFileReference; lastKnownFileType = sourcecode.swift; path = IDQPlayViewViewModel.swift; sourceTree = "<group>"; };
		3952D1E329B8C70D0061C5C9 /* IDQGame.swift */ = {isa = PBXFileReference; lastKnownFileType = sourcecode.swift; path = IDQGame.swift; sourceTree = "<group>"; };
		3952D1E629B8D6DC0061C5C9 /* IDQQuestion.swift */ = {isa = PBXFileReference; lastKnownFileType = sourcecode.swift; path = IDQQuestion.swift; sourceTree = "<group>"; };
		3952D1E829B8DA530061C5C9 /* IDQAnswer.swift */ = {isa = PBXFileReference; lastKnownFileType = sourcecode.swift; path = IDQAnswer.swift; sourceTree = "<group>"; };
		3960970D29EEA7BF0061F658 /* IDQDaytimeActivityGroup+CoreDataClass.swift */ = {isa = PBXFileReference; lastKnownFileType = sourcecode.swift; path = "IDQDaytimeActivityGroup+CoreDataClass.swift"; sourceTree = "<group>"; };
		3960970E29EEA7BF0061F658 /* IDQDaytimeActivityGroup+CoreDataProperties.swift */ = {isa = PBXFileReference; lastKnownFileType = sourcecode.swift; path = "IDQDaytimeActivityGroup+CoreDataProperties.swift"; sourceTree = "<group>"; };
		396793DC29E8961B00A476E2 /* IDQStatsUpperView.swift */ = {isa = PBXFileReference; lastKnownFileType = sourcecode.swift; path = IDQStatsUpperView.swift; sourceTree = "<group>"; };
		396B6A9229C127990098A4E5 /* IDQAnswerResultView.swift */ = {isa = PBXFileReference; lastKnownFileType = sourcecode.swift; path = IDQAnswerResultView.swift; sourceTree = "<group>"; };
		39743AEB29D9AD0600D1C341 /* IDQExitQuizView.swift */ = {isa = PBXFileReference; lastKnownFileType = sourcecode.swift; path = IDQExitQuizView.swift; sourceTree = "<group>"; };
		39904DFF29E0792E009F9380 /* IDQPercentageView.swift */ = {isa = PBXFileReference; lastKnownFileType = sourcecode.swift; path = IDQPercentageView.swift; sourceTree = "<group>"; };
		39962B2A29C9CC93001350F8 /* IDQGameResultViewController.swift */ = {isa = PBXFileReference; lastKnownFileType = sourcecode.swift; path = IDQGameResultViewController.swift; sourceTree = "<group>"; };
		39962B2C29C9CD38001350F8 /* IDQResultView.swift */ = {isa = PBXFileReference; lastKnownFileType = sourcecode.swift; path = IDQResultView.swift; sourceTree = "<group>"; };
		39962B2E29C9D28C001350F8 /* IDQResultViewViewModel.swift */ = {isa = PBXFileReference; lastKnownFileType = sourcecode.swift; path = IDQResultViewViewModel.swift; sourceTree = "<group>"; };
		39962B3029C9EDA4001350F8 /* IDQResultCollectionViewCell.swift */ = {isa = PBXFileReference; lastKnownFileType = sourcecode.swift; path = IDQResultCollectionViewCell.swift; sourceTree = "<group>"; };
		399DE06029F46EC9007BD3FF /* IDQGradientLabel.swift */ = {isa = PBXFileReference; lastKnownFileType = sourcecode.swift; path = IDQGradientLabel.swift; sourceTree = "<group>"; };
		39AF9C4329CA22830005AF88 /* IDQResultCollectionViewCellViewModel.swift */ = {isa = PBXFileReference; lastKnownFileType = sourcecode.swift; path = IDQResultCollectionViewCellViewModel.swift; sourceTree = "<group>"; };
		39AFEEEF29FBD2600034F532 /* IDQWeeklyPointsChartView.swift */ = {isa = PBXFileReference; lastKnownFileType = sourcecode.swift; path = IDQWeeklyPointsChartView.swift; sourceTree = "<group>"; };
		39AFEEF129FBD2EC0034F532 /* IDQWeeklyPointsChartViewViewModel.swift */ = {isa = PBXFileReference; lastKnownFileType = sourcecode.swift; path = IDQWeeklyPointsChartViewViewModel.swift; sourceTree = "<group>"; };
		39BFF81B29EDA77600003E22 /* IDQQuestionManager.swift */ = {isa = PBXFileReference; lastKnownFileType = sourcecode.swift; path = IDQQuestionManager.swift; sourceTree = "<group>"; };
		39BFF81D29EDB9A500003E22 /* IDQDisableQuestionView.swift */ = {isa = PBXFileReference; lastKnownFileType = sourcecode.swift; path = IDQDisableQuestionView.swift; sourceTree = "<group>"; };
		39E0707C29EC719200AE1858 /* IDQTrophyView.swift */ = {isa = PBXFileReference; lastKnownFileType = sourcecode.swift; path = IDQTrophyView.swift; sourceTree = "<group>"; };
		39E0707E29EC7EA800AE1858 /* IDQMainStatsView.swift */ = {isa = PBXFileReference; lastKnownFileType = sourcecode.swift; path = IDQMainStatsView.swift; sourceTree = "<group>"; };
		39E0708029EC8F7000AE1858 /* IDQTargetView.swift */ = {isa = PBXFileReference; lastKnownFileType = sourcecode.swift; path = IDQTargetView.swift; sourceTree = "<group>"; };
		39E0708229EC9A7300AE1858 /* IDQStreakView.swift */ = {isa = PBXFileReference; lastKnownFileType = sourcecode.swift; path = IDQStreakView.swift; sourceTree = "<group>"; };
		39E1D86129F2D28F005E6B3A /* IDQBookmarkedQuestionTableViewCell.swift */ = {isa = PBXFileReference; lastKnownFileType = sourcecode.swift; path = IDQBookmarkedQuestionTableViewCell.swift; sourceTree = "<group>"; };
		39E2256E29B8F71500830F1A /* IDQGameView.swift */ = {isa = PBXFileReference; lastKnownFileType = sourcecode.swift; path = IDQGameView.swift; sourceTree = "<group>"; };
		39EA5AAC29F17EC700E52DB1 /* IDQInAppPurchaseManager.swift */ = {isa = PBXFileReference; lastKnownFileType = sourcecode.swift; path = IDQInAppPurchaseManager.swift; sourceTree = "<group>"; };
		39EA5AAE29F1820B00E52DB1 /* IDQStoreKitConfiguration.storekit */ = {isa = PBXFileReference; lastKnownFileType = text; path = IDQStoreKitConfiguration.storekit; sourceTree = "<group>"; };
		39EA5AAF29F1968200E52DB1 /* IDQQuizManager.swift */ = {isa = PBXFileReference; lastKnownFileType = sourcecode.swift; path = IDQQuizManager.swift; sourceTree = "<group>"; };
		39EA5AB129F19C3A00E52DB1 /* IDQHighlightEffectViewModifier.swift */ = {isa = PBXFileReference; lastKnownFileType = sourcecode.swift; path = IDQHighlightEffectViewModifier.swift; sourceTree = "<group>"; };
		39EE86F029FD2265009061D6 /* IDQWeeklyPointsChartViewTitle.swift */ = {isa = PBXFileReference; lastKnownFileType = sourcecode.swift; path = IDQWeeklyPointsChartViewTitle.swift; sourceTree = "<group>"; };
		39EE86F629FD2FD4009061D6 /* IDQWeeklyPointsChangeView.swift */ = {isa = PBXFileReference; lastKnownFileType = sourcecode.swift; path = IDQWeeklyPointsChangeView.swift; sourceTree = "<group>"; };
		39EE86FC29FD976B009061D6 /* IDQStreakWidgetExtension.appex */ = {isa = PBXFileReference; explicitFileType = "wrapper.app-extension"; includeInIndex = 0; path = IDQStreakWidgetExtension.appex; sourceTree = BUILT_PRODUCTS_DIR; };
		39EE86FE29FD976B009061D6 /* WidgetKit.framework */ = {isa = PBXFileReference; lastKnownFileType = wrapper.framework; name = WidgetKit.framework; path = System/Library/Frameworks/WidgetKit.framework; sourceTree = SDKROOT; };
		39EE870029FD976B009061D6 /* SwiftUI.framework */ = {isa = PBXFileReference; lastKnownFileType = wrapper.framework; name = SwiftUI.framework; path = System/Library/Frameworks/SwiftUI.framework; sourceTree = SDKROOT; };
		39EE870329FD976B009061D6 /* IDQStreakWidgetBundle.swift */ = {isa = PBXFileReference; lastKnownFileType = sourcecode.swift; path = IDQStreakWidgetBundle.swift; sourceTree = "<group>"; };
		39EE870529FD976B009061D6 /* IDQStreakWidgetLiveActivity.swift */ = {isa = PBXFileReference; lastKnownFileType = sourcecode.swift; path = IDQStreakWidgetLiveActivity.swift; sourceTree = "<group>"; };
		39EE870729FD976B009061D6 /* IDQStreakWidget.swift */ = {isa = PBXFileReference; lastKnownFileType = sourcecode.swift; path = IDQStreakWidget.swift; sourceTree = "<group>"; };
		39EE870929FD976B009061D6 /* IDQStreakWidget.intentdefinition */ = {isa = PBXFileReference; lastKnownFileType = file.intentdefinition; path = IDQStreakWidget.intentdefinition; sourceTree = "<group>"; };
		39EE870A29FD976C009061D6 /* Assets.xcassets */ = {isa = PBXFileReference; lastKnownFileType = folder.assetcatalog; path = Assets.xcassets; sourceTree = "<group>"; };
		39EE870C29FD976C009061D6 /* Info.plist */ = {isa = PBXFileReference; lastKnownFileType = text.plist.xml; path = Info.plist; sourceTree = "<group>"; };
		39F42DA829F5818100370125 /* IDQRateTheAppView.swift */ = {isa = PBXFileReference; lastKnownFileType = sourcecode.swift; path = IDQRateTheAppView.swift; sourceTree = "<group>"; };
		39F42DAA29F5826E00370125 /* IDQGradientImageView.swift */ = {isa = PBXFileReference; lastKnownFileType = sourcecode.swift; path = IDQGradientImageView.swift; sourceTree = "<group>"; };
		39F42DAC29F592E900370125 /* IDQUserActivityManager.swift */ = {isa = PBXFileReference; lastKnownFileType = sourcecode.swift; path = IDQUserActivityManager.swift; sourceTree = "<group>"; };
		39FD9F5029F2A5C600FF1AD2 /* IDQBookmarkedQuestionsViewController.swift */ = {isa = PBXFileReference; lastKnownFileType = sourcecode.swift; path = IDQBookmarkedQuestionsViewController.swift; sourceTree = "<group>"; };
		39FD9F5229F2A64100FF1AD2 /* IDQBookmarkedQuestionsView.swift */ = {isa = PBXFileReference; lastKnownFileType = sourcecode.swift; path = IDQBookmarkedQuestionsView.swift; sourceTree = "<group>"; };
/* End PBXFileReference section */

/* Begin PBXFrameworksBuildPhase section */
		3914C90229B0D7E40001377B /* Frameworks */ = {
			isa = PBXFrameworksBuildPhase;
			buildActionMask = 2147483647;
			files = (
			);
			runOnlyForDeploymentPostprocessing = 0;
		};
		39EE86F929FD976B009061D6 /* Frameworks */ = {
			isa = PBXFrameworksBuildPhase;
			buildActionMask = 2147483647;
			files = (
				39EE870129FD976B009061D6 /* SwiftUI.framework in Frameworks */,
				39EE86FF29FD976B009061D6 /* WidgetKit.framework in Frameworks */,
			);
			runOnlyForDeploymentPostprocessing = 0;
		};
/* End PBXFrameworksBuildPhase section */

/* Begin PBXGroup section */
		3901B87A29EF19E900CEECA4 /* SettingsView_SwiftUI */ = {
			isa = PBXGroup;
			children = (
				3901B87B29EF1A1A00CEECA4 /* IDQSettingsView.swift */,
				3901B89029F0641900CEECA4 /* IDQSettingsViewCell.swift */,
				3901B88129EF33EE00CEECA4 /* IDQAboutView.swift */,
				3901B88729EFF42600CEECA4 /* AboutViewSubviews_SwiftUI */,
				393047E129F91CA90067ED12 /* IDQQuizSettingsView.swift */,
			);
			path = SettingsView_SwiftUI;
			sourceTree = "<group>";
		};
		3901B88729EFF42600CEECA4 /* AboutViewSubviews_SwiftUI */ = {
			isa = PBXGroup;
			children = (
				3901B88329EFE74A00CEECA4 /* IDQDismissButtonView.swift */,
				3901B88829EFF45100CEECA4 /* IDQAboutTextView.swift */,
				3901B88529EFEEF400CEECA4 /* IDQAppIconView.swift */,
				3901B88A29F01DB500CEECA4 /* IDQSocialMediaView.swift */,
			);
			path = AboutViewSubviews_SwiftUI;
			sourceTree = "<group>";
		};
		3905B24D29E03FFD00E3A632 /* ResultViewSubviews */ = {
			isa = PBXGroup;
			children = (
				39962B3029C9EDA4001350F8 /* IDQResultCollectionViewCell.swift */,
				3905B24B29E0372A00E3A632 /* IDQScoreView.swift */,
				3905B24E29E0403C00E3A632 /* IDQTimeView.swift */,
				39904DFF29E0792E009F9380 /* IDQPercentageView.swift */,
			);
			path = ResultViewSubviews;
			sourceTree = "<group>";
		};
		3914C8FC29B0D7E40001377B = {
			isa = PBXGroup;
			children = (
				3960970D29EEA7BF0061F658 /* IDQDaytimeActivityGroup+CoreDataClass.swift */,
				3960970E29EEA7BF0061F658 /* IDQDaytimeActivityGroup+CoreDataProperties.swift */,
				3920A1A329EAFBEE001A1522 /* IDQDifficultyMetrics+CoreDataClass.swift */,
				3920A1A429EAFBEE001A1522 /* IDQDifficultyMetrics+CoreDataProperties.swift */,
				3920A1A529EAFBEE001A1522 /* IDQQuizResult+CoreDataClass.swift */,
				3920A1A629EAFBEE001A1522 /* IDQQuizResult+CoreDataProperties.swift */,
				3920A1A729EAFBEE001A1522 /* IDQUser+CoreDataClass.swift */,
				3920A1A829EAFBEE001A1522 /* IDQUser+CoreDataProperties.swift */,
				3920A1A929EAFBEE001A1522 /* IDQTopicMetrics+CoreDataClass.swift */,
				3920A1AA29EAFBEE001A1522 /* IDQTopicMetrics+CoreDataProperties.swift */,
				3914C90729B0D7E40001377B /* iOSDevQuiz */,
				39EE870229FD976B009061D6 /* IDQStreakWidget */,
				39EE86FD29FD976B009061D6 /* Frameworks */,
				3914C90629B0D7E40001377B /* Products */,
			);
			sourceTree = "<group>";
		};
		3914C90629B0D7E40001377B /* Products */ = {
			isa = PBXGroup;
			children = (
				3914C90529B0D7E40001377B /* iOSDevQuiz.app */,
				39EE86FC29FD976B009061D6 /* IDQStreakWidgetExtension.appex */,
			);
			name = Products;
			sourceTree = "<group>";
		};
		3914C90729B0D7E40001377B /* iOSDevQuiz */ = {
			isa = PBXGroup;
			children = (
				3914C92129B0DC300001377B /* Resources */,
				3952D1E229B8C7050061C5C9 /* Model */,
				3952D1DF29B8C6710061C5C9 /* ViewModel */,
				3914C93129B10B190001377B /* View */,
				3914C91F29B0DBD70001377B /* Controllers */,
				3914C91929B0D7E50001377B /* Info.plist */,
				3914C91129B0D7E40001377B /* iOSDevQuiz.xcdatamodeld */,
			);
			path = iOSDevQuiz;
			sourceTree = "<group>";
		};
		3914C91F29B0DBD70001377B /* Controllers */ = {
			isa = PBXGroup;
			children = (
				3914C92029B0DBE80001377B /* MainControllers */,
				3914C92A29B0EC810001377B /* OtherControllers */,
			);
			path = Controllers;
			sourceTree = "<group>";
		};
		3914C92029B0DBE80001377B /* MainControllers */ = {
			isa = PBXGroup;
			children = (
				3914C90C29B0D7E40001377B /* IDQTabBarController.swift */,
				3914C92629B0EBD20001377B /* IDQStatsViewController.swift */,
				3914C92B29B0ECFB0001377B /* IDQPlayViewController.swift */,
				3914C92829B0EBF10001377B /* IDQSettingsViewController.swift */,
			);
			path = MainControllers;
			sourceTree = "<group>";
		};
		3914C92129B0DC300001377B /* Resources */ = {
			isa = PBXGroup;
			children = (
				3914C90829B0D7E40001377B /* AppDelegate.swift */,
				3914C90A29B0D7E40001377B /* SceneDelegate.swift */,
				3914C91429B0D7E50001377B /* Assets.xcassets */,
				3914C91629B0D7E50001377B /* LaunchScreen.storyboard */,
				3914C92229B0DCE60001377B /* IDQConstants.swift */,
				3914C92F29B0FBE90001377B /* IDQExtensions.swift */,
				39EA5AB129F19C3A00E52DB1 /* IDQHighlightEffectViewModifier.swift */,
				399DE06029F46EC9007BD3FF /* IDQGradientLabel.swift */,
				39F42DAA29F5826E00370125 /* IDQGradientImageView.swift */,
			);
			path = Resources;
			sourceTree = "<group>";
		};
		3914C92A29B0EC810001377B /* OtherControllers */ = {
			isa = PBXGroup;
			children = (
				3914C92429B0EB8A0001377B /* IDQGameViewController.swift */,
				3914C92D29B0ED260001377B /* IDQGameOptionsViewController.swift */,
				39962B2A29C9CC93001350F8 /* IDQGameResultViewController.swift */,
				39FD9F5029F2A5C600FF1AD2 /* IDQBookmarkedQuestionsViewController.swift */,
			);
			path = OtherControllers;
			sourceTree = "<group>";
		};
		3914C93129B10B190001377B /* View */ = {
			isa = PBXGroup;
			children = (
				39267BB229E82904007DD96F /* StatsView_SwiftUI */,
				3952D1DC29B8ABB10061C5C9 /* PlayViews */,
				39E2256D29B8F6F400830F1A /* GameViews */,
				3901B87A29EF19E900CEECA4 /* SettingsView_SwiftUI */,
			);
			path = View;
			sourceTree = "<group>";
		};
		391DDB6929EB28F0003AAD2D /* StatsSubViews_SwiftUI */ = {
			isa = PBXGroup;
			children = (
				39EE86F329FD22BC009061D6 /* Upper Stats View Components */,
				39EE86F429FD22D5009061D6 /* FirstStatsBoxes */,
				39EE86F529FD22EC009061D6 /* FirstChart */,
			);
			path = StatsSubViews_SwiftUI;
			sourceTree = "<group>";
		};
		3920A1B529EB0FC5001A1522 /* Manager */ = {
			isa = PBXGroup;
			children = (
				39F42DAC29F592E900370125 /* IDQUserActivityManager.swift */,
				39BFF81B29EDA77600003E22 /* IDQQuestionManager.swift */,
				39EA5AAF29F1968200E52DB1 /* IDQQuizManager.swift */,
				39267BA829E81742007DD96F /* IDQUserManager.swift */,
				3920A19129EAE939001A1522 /* IDQTopicMetricManager.swift */,
				3920A1B329EAFCA2001A1522 /* IDQDifficultyMetricManager.swift */,
				39267BB729E8364D007DD96F /* IDQQuizResultManager.swift */,
				3932AE1B29EEA832003FFE8B /* IDQDaytimeActivityGroupManager.swift */,
				39EA5AAC29F17EC700E52DB1 /* IDQInAppPurchaseManager.swift */,
				39EA5AAE29F1820B00E52DB1 /* IDQStoreKitConfiguration.storekit */,
			);
			path = Manager;
			sourceTree = "<group>";
		};
		39267BB229E82904007DD96F /* StatsView_SwiftUI */ = {
			isa = PBXGroup;
			children = (
				39267BB329E82923007DD96F /* IDQStatsView.swift */,
				391DDB6929EB28F0003AAD2D /* StatsSubViews_SwiftUI */,
			);
			path = StatsView_SwiftUI;
			sourceTree = "<group>";
		};
		3952D1DC29B8ABB10061C5C9 /* PlayViews */ = {
			isa = PBXGroup;
			children = (
				3914C93229B10B300001377B /* IDQPlayView.swift */,
				3952D1DD29B8AC220061C5C9 /* StartButtonView.swift */,
				39F42DA829F5818100370125 /* IDQRateTheAppView.swift */,
				39962B2C29C9CD38001350F8 /* IDQResultView.swift */,
				3905B24D29E03FFD00E3A632 /* ResultViewSubviews */,
				39FD9F5629F2AFC500FF1AD2 /* BookmarkedQuestionViews */,
			);
			path = PlayViews;
			sourceTree = "<group>";
		};
		3952D1DF29B8C6710061C5C9 /* ViewModel */ = {
			isa = PBXGroup;
			children = (
				3952D1E029B8C6A10061C5C9 /* IDQPlayViewViewModel.swift */,
				3901B88E29F031C800CEECA4 /* IDQAboutViewViewModel.swift */,
				3948B15629B942D600E2841F /* IDQGameViewViewModel.swift */,
				39962B2E29C9D28C001350F8 /* IDQResultViewViewModel.swift */,
				39AF9C4329CA22830005AF88 /* IDQResultCollectionViewCellViewModel.swift */,
				3901BE7129D705930099CE86 /* IDQAnswerResultViewViewModel.swift */,
				39267BB929E839AD007DD96F /* IDQStatsViewViewModel.swift */,
				391DDB6C29EB2A48003AAD2D /* IDQStatsMetricBoxViewViewModel.swift */,
				39AFEEF129FBD2EC0034F532 /* IDQWeeklyPointsChartViewViewModel.swift */,
				3901B87D29EF1C0300CEECA4 /* IDQSettingsViewViewModel.swift */,
			);
			path = ViewModel;
			sourceTree = "<group>";
		};
		3952D1E229B8C7050061C5C9 /* Model */ = {
			isa = PBXGroup;
			children = (
				3920A1B529EB0FC5001A1522 /* Manager */,
				3952D1E329B8C70D0061C5C9 /* IDQGame.swift */,
				3952D1E629B8D6DC0061C5C9 /* IDQQuestion.swift */,
				3952D1E829B8DA530061C5C9 /* IDQAnswer.swift */,
				3942949129C37AEE00E15FE1 /* IDQQuiz.swift */,
			);
			path = Model;
			sourceTree = "<group>";
		};
		39E2256D29B8F6F400830F1A /* GameViews */ = {
			isa = PBXGroup;
			children = (
				39E2256E29B8F71500830F1A /* IDQGameView.swift */,
				392415C029BA9E9B006D6590 /* CountDownView.swift */,
				3909BBAB29BDFB7400A97F17 /* IDQGameAnswerCollectionViewCell.swift */,
				396B6A9229C127990098A4E5 /* IDQAnswerResultView.swift */,
				39743AEB29D9AD0600D1C341 /* IDQExitQuizView.swift */,
				39BFF81D29EDB9A500003E22 /* IDQDisableQuestionView.swift */,
			);
			path = GameViews;
			sourceTree = "<group>";
		};
		39EE86F329FD22BC009061D6 /* Upper Stats View Components */ = {
			isa = PBXGroup;
			children = (
				396793DC29E8961B00A476E2 /* IDQStatsUpperView.swift */,
				39E0707E29EC7EA800AE1858 /* IDQMainStatsView.swift */,
				39E0707C29EC719200AE1858 /* IDQTrophyView.swift */,
				39E0708029EC8F7000AE1858 /* IDQTargetView.swift */,
				39E0708229EC9A7300AE1858 /* IDQStreakView.swift */,
			);
			path = "Upper Stats View Components";
			sourceTree = "<group>";
		};
		39EE86F429FD22D5009061D6 /* FirstStatsBoxes */ = {
			isa = PBXGroup;
			children = (
				391DDB6A29EB2917003AAD2D /* IDQStatsMetricsHStackView.swift */,
				3920A18329EAB1CE001A1522 /* IDQStatsMetricBoxView.swift */,
			);
			path = FirstStatsBoxes;
			sourceTree = "<group>";
		};
		39EE86F529FD22EC009061D6 /* FirstChart */ = {
			isa = PBXGroup;
			children = (
				39AFEEEF29FBD2600034F532 /* IDQWeeklyPointsChartView.swift */,
				39EE86F629FD2FD4009061D6 /* IDQWeeklyPointsChangeView.swift */,
				39EE86F029FD2265009061D6 /* IDQWeeklyPointsChartViewTitle.swift */,
			);
			path = FirstChart;
			sourceTree = "<group>";
		};
		39EE86FD29FD976B009061D6 /* Frameworks */ = {
			isa = PBXGroup;
			children = (
				39EE86FE29FD976B009061D6 /* WidgetKit.framework */,
				39EE870029FD976B009061D6 /* SwiftUI.framework */,
			);
			name = Frameworks;
			sourceTree = "<group>";
		};
		39EE870229FD976B009061D6 /* IDQStreakWidget */ = {
			isa = PBXGroup;
			children = (
				39EE870329FD976B009061D6 /* IDQStreakWidgetBundle.swift */,
				39EE870529FD976B009061D6 /* IDQStreakWidgetLiveActivity.swift */,
				39EE870729FD976B009061D6 /* IDQStreakWidget.swift */,
				39EE870929FD976B009061D6 /* IDQStreakWidget.intentdefinition */,
				39EE870A29FD976C009061D6 /* Assets.xcassets */,
				39EE870C29FD976C009061D6 /* Info.plist */,
			);
			path = IDQStreakWidget;
			sourceTree = "<group>";
		};
		39FD9F5629F2AFC500FF1AD2 /* BookmarkedQuestionViews */ = {
			isa = PBXGroup;
			children = (
				39FD9F5229F2A64100FF1AD2 /* IDQBookmarkedQuestionsView.swift */,
				39E1D86129F2D28F005E6B3A /* IDQBookmarkedQuestionTableViewCell.swift */,
			);
			path = BookmarkedQuestionViews;
			sourceTree = "<group>";
		};
/* End PBXGroup section */

/* Begin PBXNativeTarget section */
		3914C90429B0D7E40001377B /* iOSDevQuiz */ = {
			isa = PBXNativeTarget;
			buildConfigurationList = 3914C91C29B0D7E50001377B /* Build configuration list for PBXNativeTarget "iOSDevQuiz" */;
			buildPhases = (
				3914C90129B0D7E40001377B /* Sources */,
				3914C90229B0D7E40001377B /* Frameworks */,
				3914C90329B0D7E40001377B /* Resources */,
				39EE871529FD976C009061D6 /* Embed Foundation Extensions */,
			);
			buildRules = (
			);
			dependencies = (
				39EE871029FD976C009061D6 /* PBXTargetDependency */,
			);
			name = iOSDevQuiz;
			productName = iOSDevQuiz;
			productReference = 3914C90529B0D7E40001377B /* iOSDevQuiz.app */;
			productType = "com.apple.product-type.application";
		};
		39EE86FB29FD976B009061D6 /* IDQStreakWidgetExtension */ = {
			isa = PBXNativeTarget;
			buildConfigurationList = 39EE871229FD976C009061D6 /* Build configuration list for PBXNativeTarget "IDQStreakWidgetExtension" */;
			buildPhases = (
				39EE86F829FD976B009061D6 /* Sources */,
				39EE86F929FD976B009061D6 /* Frameworks */,
				39EE86FA29FD976B009061D6 /* Resources */,
			);
			buildRules = (
			);
			dependencies = (
			);
			name = IDQStreakWidgetExtension;
			productName = IDQStreakWidgetExtension;
			productReference = 39EE86FC29FD976B009061D6 /* IDQStreakWidgetExtension.appex */;
			productType = "com.apple.product-type.app-extension";
		};
/* End PBXNativeTarget section */

/* Begin PBXProject section */
		3914C8FD29B0D7E40001377B /* Project object */ = {
			isa = PBXProject;
			attributes = {
				BuildIndependentTargetsInParallel = 1;
				LastSwiftUpdateCheck = 1430;
				LastUpgradeCheck = 1420;
				TargetAttributes = {
					3914C90429B0D7E40001377B = {
						CreatedOnToolsVersion = 14.2;
					};
					39EE86FB29FD976B009061D6 = {
						CreatedOnToolsVersion = 14.3;
					};
				};
			};
			buildConfigurationList = 3914C90029B0D7E40001377B /* Build configuration list for PBXProject "iOSDevQuiz" */;
			compatibilityVersion = "Xcode 14.0";
			developmentRegion = en;
			hasScannedForEncodings = 0;
			knownRegions = (
				en,
				Base,
			);
			mainGroup = 3914C8FC29B0D7E40001377B;
			productRefGroup = 3914C90629B0D7E40001377B /* Products */;
			projectDirPath = "";
			projectRoot = "";
			targets = (
				3914C90429B0D7E40001377B /* iOSDevQuiz */,
				39EE86FB29FD976B009061D6 /* IDQStreakWidgetExtension */,
			);
		};
/* End PBXProject section */

/* Begin PBXResourcesBuildPhase section */
		3914C90329B0D7E40001377B /* Resources */ = {
			isa = PBXResourcesBuildPhase;
			buildActionMask = 2147483647;
			files = (
				3914C91829B0D7E50001377B /* LaunchScreen.storyboard in Resources */,
				3914C91529B0D7E50001377B /* Assets.xcassets in Resources */,
			);
			runOnlyForDeploymentPostprocessing = 0;
		};
		39EE86FA29FD976B009061D6 /* Resources */ = {
			isa = PBXResourcesBuildPhase;
			buildActionMask = 2147483647;
			files = (
				39EE871629FDBC96009061D6 /* Assets.xcassets in Resources */,
				39EE870B29FD976C009061D6 /* Assets.xcassets in Resources */,
			);
			runOnlyForDeploymentPostprocessing = 0;
		};
/* End PBXResourcesBuildPhase section */

/* Begin PBXSourcesBuildPhase section */
		3914C90129B0D7E40001377B /* Sources */ = {
			isa = PBXSourcesBuildPhase;
			buildActionMask = 2147483647;
			files = (
				3914C92929B0EBF10001377B /* IDQSettingsViewController.swift in Sources */,
				396B6A9329C127990098A4E5 /* IDQAnswerResultView.swift in Sources */,
				3914C90D29B0D7E40001377B /* IDQTabBarController.swift in Sources */,
				3952D1E729B8D6DC0061C5C9 /* IDQQuestion.swift in Sources */,
				39BFF81C29EDA77600003E22 /* IDQQuestionManager.swift in Sources */,
				3901B88629EFEEF400CEECA4 /* IDQAppIconView.swift in Sources */,
				3952D1E929B8DA530061C5C9 /* IDQAnswer.swift in Sources */,
				3901B88429EFE74A00CEECA4 /* IDQDismissButtonView.swift in Sources */,
				3914C93029B0FBE90001377B /* IDQExtensions.swift in Sources */,
				3960970F29EEA7BF0061F658 /* IDQDaytimeActivityGroup+CoreDataClass.swift in Sources */,
				39962B2D29C9CD38001350F8 /* IDQResultView.swift in Sources */,
				39962B2F29C9D28C001350F8 /* IDQResultViewViewModel.swift in Sources */,
				39EA5AB229F19C3A00E52DB1 /* IDQHighlightEffectViewModifier.swift in Sources */,
				391DDB6B29EB2917003AAD2D /* IDQStatsMetricsHStackView.swift in Sources */,
				3901B87E29EF1C0300CEECA4 /* IDQSettingsViewViewModel.swift in Sources */,
				39962B2B29C9CC93001350F8 /* IDQGameResultViewController.swift in Sources */,
				3914C93329B10B300001377B /* IDQPlayView.swift in Sources */,
				3905B24C29E0372A00E3A632 /* IDQScoreView.swift in Sources */,
				3914C92529B0EB8A0001377B /* IDQGameViewController.swift in Sources */,
				3901B87C29EF1A1A00CEECA4 /* IDQSettingsView.swift in Sources */,
				39F42DA929F5818100370125 /* IDQRateTheAppView.swift in Sources */,
				39E0707D29EC719200AE1858 /* IDQTrophyView.swift in Sources */,
				3920A1B029EAFBEE001A1522 /* IDQUser+CoreDataProperties.swift in Sources */,
				3914C92729B0EBD20001377B /* IDQStatsViewController.swift in Sources */,
				3914C90929B0D7E40001377B /* AppDelegate.swift in Sources */,
				3909BBAC29BDFB7400A97F17 /* IDQGameAnswerCollectionViewCell.swift in Sources */,
				39904E0029E0792E009F9380 /* IDQPercentageView.swift in Sources */,
				39267BB429E82923007DD96F /* IDQStatsView.swift in Sources */,
				39267BA929E81742007DD96F /* IDQUserManager.swift in Sources */,
				39EE870E29FD976C009061D6 /* IDQStreakWidget.intentdefinition in Sources */,
				39E2256F29B8F71500830F1A /* IDQGameView.swift in Sources */,
				39FD9F5129F2A5C600FF1AD2 /* IDQBookmarkedQuestionsViewController.swift in Sources */,
				39EE86F729FD2FD4009061D6 /* IDQWeeklyPointsChangeView.swift in Sources */,
				39E0707F29EC7EA800AE1858 /* IDQMainStatsView.swift in Sources */,
				3952D1DE29B8AC220061C5C9 /* StartButtonView.swift in Sources */,
				3960971029EEA7BF0061F658 /* IDQDaytimeActivityGroup+CoreDataProperties.swift in Sources */,
				3914C92329B0DCE60001377B /* IDQConstants.swift in Sources */,
				39EA5AB029F1968200E52DB1 /* IDQQuizManager.swift in Sources */,
				39AF9C4429CA22830005AF88 /* IDQResultCollectionViewCellViewModel.swift in Sources */,
				3901B88229EF33EE00CEECA4 /* IDQAboutView.swift in Sources */,
				3901B88929EFF45100CEECA4 /* IDQAboutTextView.swift in Sources */,
				39FD9F5329F2A64100FF1AD2 /* IDQBookmarkedQuestionsView.swift in Sources */,
				3914C92E29B0ED260001377B /* IDQGameOptionsViewController.swift in Sources */,
				3905B24F29E0403C00E3A632 /* IDQTimeView.swift in Sources */,
				3932AE1C29EEA832003FFE8B /* IDQDaytimeActivityGroupManager.swift in Sources */,
				3952D1E129B8C6A10061C5C9 /* IDQPlayViewViewModel.swift in Sources */,
				3914C91329B0D7E40001377B /* iOSDevQuiz.xcdatamodeld in Sources */,
				39AFEEF229FBD2EC0034F532 /* IDQWeeklyPointsChartViewViewModel.swift in Sources */,
				396793DD29E8961B00A476E2 /* IDQStatsUpperView.swift in Sources */,
				39267BBA29E839AD007DD96F /* IDQStatsViewViewModel.swift in Sources */,
				39962B3129C9EDA4001350F8 /* IDQResultCollectionViewCell.swift in Sources */,
				3920A19229EAE939001A1522 /* IDQTopicMetricManager.swift in Sources */,
				3920A1B429EAFCA2001A1522 /* IDQDifficultyMetricManager.swift in Sources */,
				3920A1AC29EAFBEE001A1522 /* IDQDifficultyMetrics+CoreDataProperties.swift in Sources */,
				39E0708129EC8F7000AE1858 /* IDQTargetView.swift in Sources */,
				39743AEC29D9AD0600D1C341 /* IDQExitQuizView.swift in Sources */,
				39EA5AAD29F17EC700E52DB1 /* IDQInAppPurchaseManager.swift in Sources */,
				39BFF81E29EDB9A500003E22 /* IDQDisableQuestionView.swift in Sources */,
				393047E229F91CA90067ED12 /* IDQQuizSettingsView.swift in Sources */,
				39F42DAB29F5826E00370125 /* IDQGradientImageView.swift in Sources */,
				391DDB6D29EB2A48003AAD2D /* IDQStatsMetricBoxViewViewModel.swift in Sources */,
				3920A1B229EAFBEE001A1522 /* IDQTopicMetrics+CoreDataProperties.swift in Sources */,
				3948B15729B942D600E2841F /* IDQGameViewViewModel.swift in Sources */,
				3920A1AD29EAFBEE001A1522 /* IDQQuizResult+CoreDataClass.swift in Sources */,
				3952D1E429B8C70D0061C5C9 /* IDQGame.swift in Sources */,
				39F42DAD29F592E900370125 /* IDQUserActivityManager.swift in Sources */,
				3901BE7229D705930099CE86 /* IDQAnswerResultViewViewModel.swift in Sources */,
				39AFEEF029FBD2600034F532 /* IDQWeeklyPointsChartView.swift in Sources */,
				39E0708329EC9A7300AE1858 /* IDQStreakView.swift in Sources */,
				3920A1B129EAFBEE001A1522 /* IDQTopicMetrics+CoreDataClass.swift in Sources */,
				3914C90B29B0D7E40001377B /* SceneDelegate.swift in Sources */,
				3901B88F29F031C800CEECA4 /* IDQAboutViewViewModel.swift in Sources */,
				392415C129BA9E9B006D6590 /* CountDownView.swift in Sources */,
				3901B89129F0641900CEECA4 /* IDQSettingsViewCell.swift in Sources */,
				3920A1AF29EAFBEE001A1522 /* IDQUser+CoreDataClass.swift in Sources */,
				3920A1AE29EAFBEE001A1522 /* IDQQuizResult+CoreDataProperties.swift in Sources */,
				3920A1AB29EAFBEE001A1522 /* IDQDifficultyMetrics+CoreDataClass.swift in Sources */,
				399DE06129F46EC9007BD3FF /* IDQGradientLabel.swift in Sources */,
				39EE86F129FD2265009061D6 /* IDQWeeklyPointsChartViewTitle.swift in Sources */,
				3920A18429EAB1CE001A1522 /* IDQStatsMetricBoxView.swift in Sources */,
				3914C92C29B0ECFB0001377B /* IDQPlayViewController.swift in Sources */,
				39267BB829E8364D007DD96F /* IDQQuizResultManager.swift in Sources */,
				3942949229C37AEE00E15FE1 /* IDQQuiz.swift in Sources */,
				3901B88B29F01DB500CEECA4 /* IDQSocialMediaView.swift in Sources */,
				39E1D86229F2D28F005E6B3A /* IDQBookmarkedQuestionTableViewCell.swift in Sources */,
			);
			runOnlyForDeploymentPostprocessing = 0;
		};
		39EE86F829FD976B009061D6 /* Sources */ = {
			isa = PBXSourcesBuildPhase;
			buildActionMask = 2147483647;
			files = (
				39EE870829FD976B009061D6 /* IDQStreakWidget.swift in Sources */,
				39EE870429FD976B009061D6 /* IDQStreakWidgetBundle.swift in Sources */,
				39EE870D29FD976C009061D6 /* IDQStreakWidget.intentdefinition in Sources */,
				39EE870629FD976B009061D6 /* IDQStreakWidgetLiveActivity.swift in Sources */,
				39EE871729FDC1ED009061D6 /* iOSDevQuiz.xcdatamodeld in Sources */,
			);
			runOnlyForDeploymentPostprocessing = 0;
		};
/* End PBXSourcesBuildPhase section */

/* Begin PBXTargetDependency section */
		39EE871029FD976C009061D6 /* PBXTargetDependency */ = {
			isa = PBXTargetDependency;
			target = 39EE86FB29FD976B009061D6 /* IDQStreakWidgetExtension */;
			targetProxy = 39EE870F29FD976C009061D6 /* PBXContainerItemProxy */;
		};
/* End PBXTargetDependency section */

/* Begin PBXVariantGroup section */
		3914C91629B0D7E50001377B /* LaunchScreen.storyboard */ = {
			isa = PBXVariantGroup;
			children = (
				3914C91729B0D7E50001377B /* Base */,
			);
			name = LaunchScreen.storyboard;
			sourceTree = "<group>";
		};
/* End PBXVariantGroup section */

/* Begin XCBuildConfiguration section */
		3914C91A29B0D7E50001377B /* Debug */ = {
			isa = XCBuildConfiguration;
			buildSettings = {
				ALWAYS_SEARCH_USER_PATHS = NO;
				CLANG_ANALYZER_NONNULL = YES;
				CLANG_ANALYZER_NUMBER_OBJECT_CONVERSION = YES_AGGRESSIVE;
				CLANG_CXX_LANGUAGE_STANDARD = "gnu++20";
				CLANG_ENABLE_MODULES = YES;
				CLANG_ENABLE_OBJC_ARC = YES;
				CLANG_ENABLE_OBJC_WEAK = YES;
				CLANG_WARN_BLOCK_CAPTURE_AUTORELEASING = YES;
				CLANG_WARN_BOOL_CONVERSION = YES;
				CLANG_WARN_COMMA = YES;
				CLANG_WARN_CONSTANT_CONVERSION = YES;
				CLANG_WARN_DEPRECATED_OBJC_IMPLEMENTATIONS = YES;
				CLANG_WARN_DIRECT_OBJC_ISA_USAGE = YES_ERROR;
				CLANG_WARN_DOCUMENTATION_COMMENTS = YES;
				CLANG_WARN_EMPTY_BODY = YES;
				CLANG_WARN_ENUM_CONVERSION = YES;
				CLANG_WARN_INFINITE_RECURSION = YES;
				CLANG_WARN_INT_CONVERSION = YES;
				CLANG_WARN_NON_LITERAL_NULL_CONVERSION = YES;
				CLANG_WARN_OBJC_IMPLICIT_RETAIN_SELF = YES;
				CLANG_WARN_OBJC_LITERAL_CONVERSION = YES;
				CLANG_WARN_OBJC_ROOT_CLASS = YES_ERROR;
				CLANG_WARN_QUOTED_INCLUDE_IN_FRAMEWORK_HEADER = YES;
				CLANG_WARN_RANGE_LOOP_ANALYSIS = YES;
				CLANG_WARN_STRICT_PROTOTYPES = YES;
				CLANG_WARN_SUSPICIOUS_MOVE = YES;
				CLANG_WARN_UNGUARDED_AVAILABILITY = YES_AGGRESSIVE;
				CLANG_WARN_UNREACHABLE_CODE = YES;
				CLANG_WARN__DUPLICATE_METHOD_MATCH = YES;
				COPY_PHASE_STRIP = NO;
				DEBUG_INFORMATION_FORMAT = dwarf;
				ENABLE_STRICT_OBJC_MSGSEND = YES;
				ENABLE_TESTABILITY = YES;
				GCC_C_LANGUAGE_STANDARD = gnu11;
				GCC_DYNAMIC_NO_PIC = NO;
				GCC_NO_COMMON_BLOCKS = YES;
				GCC_OPTIMIZATION_LEVEL = 0;
				GCC_PREPROCESSOR_DEFINITIONS = (
					"DEBUG=1",
					"$(inherited)",
				);
				GCC_WARN_64_TO_32_BIT_CONVERSION = YES;
				GCC_WARN_ABOUT_RETURN_TYPE = YES_ERROR;
				GCC_WARN_UNDECLARED_SELECTOR = YES;
				GCC_WARN_UNINITIALIZED_AUTOS = YES_AGGRESSIVE;
				GCC_WARN_UNUSED_FUNCTION = YES;
				GCC_WARN_UNUSED_VARIABLE = YES;
				IPHONEOS_DEPLOYMENT_TARGET = 16.2;
				MTL_ENABLE_DEBUG_INFO = INCLUDE_SOURCE;
				MTL_FAST_MATH = YES;
				ONLY_ACTIVE_ARCH = YES;
				SDKROOT = iphoneos;
				SWIFT_ACTIVE_COMPILATION_CONDITIONS = DEBUG;
				SWIFT_OPTIMIZATION_LEVEL = "-Onone";
			};
			name = Debug;
		};
		3914C91B29B0D7E50001377B /* Release */ = {
			isa = XCBuildConfiguration;
			buildSettings = {
				ALWAYS_SEARCH_USER_PATHS = NO;
				CLANG_ANALYZER_NONNULL = YES;
				CLANG_ANALYZER_NUMBER_OBJECT_CONVERSION = YES_AGGRESSIVE;
				CLANG_CXX_LANGUAGE_STANDARD = "gnu++20";
				CLANG_ENABLE_MODULES = YES;
				CLANG_ENABLE_OBJC_ARC = YES;
				CLANG_ENABLE_OBJC_WEAK = YES;
				CLANG_WARN_BLOCK_CAPTURE_AUTORELEASING = YES;
				CLANG_WARN_BOOL_CONVERSION = YES;
				CLANG_WARN_COMMA = YES;
				CLANG_WARN_CONSTANT_CONVERSION = YES;
				CLANG_WARN_DEPRECATED_OBJC_IMPLEMENTATIONS = YES;
				CLANG_WARN_DIRECT_OBJC_ISA_USAGE = YES_ERROR;
				CLANG_WARN_DOCUMENTATION_COMMENTS = YES;
				CLANG_WARN_EMPTY_BODY = YES;
				CLANG_WARN_ENUM_CONVERSION = YES;
				CLANG_WARN_INFINITE_RECURSION = YES;
				CLANG_WARN_INT_CONVERSION = YES;
				CLANG_WARN_NON_LITERAL_NULL_CONVERSION = YES;
				CLANG_WARN_OBJC_IMPLICIT_RETAIN_SELF = YES;
				CLANG_WARN_OBJC_LITERAL_CONVERSION = YES;
				CLANG_WARN_OBJC_ROOT_CLASS = YES_ERROR;
				CLANG_WARN_QUOTED_INCLUDE_IN_FRAMEWORK_HEADER = YES;
				CLANG_WARN_RANGE_LOOP_ANALYSIS = YES;
				CLANG_WARN_STRICT_PROTOTYPES = YES;
				CLANG_WARN_SUSPICIOUS_MOVE = YES;
				CLANG_WARN_UNGUARDED_AVAILABILITY = YES_AGGRESSIVE;
				CLANG_WARN_UNREACHABLE_CODE = YES;
				CLANG_WARN__DUPLICATE_METHOD_MATCH = YES;
				COPY_PHASE_STRIP = NO;
				DEBUG_INFORMATION_FORMAT = "dwarf-with-dsym";
				ENABLE_NS_ASSERTIONS = NO;
				ENABLE_STRICT_OBJC_MSGSEND = YES;
				GCC_C_LANGUAGE_STANDARD = gnu11;
				GCC_NO_COMMON_BLOCKS = YES;
				GCC_WARN_64_TO_32_BIT_CONVERSION = YES;
				GCC_WARN_ABOUT_RETURN_TYPE = YES_ERROR;
				GCC_WARN_UNDECLARED_SELECTOR = YES;
				GCC_WARN_UNINITIALIZED_AUTOS = YES_AGGRESSIVE;
				GCC_WARN_UNUSED_FUNCTION = YES;
				GCC_WARN_UNUSED_VARIABLE = YES;
				IPHONEOS_DEPLOYMENT_TARGET = 16.2;
				MTL_ENABLE_DEBUG_INFO = NO;
				MTL_FAST_MATH = YES;
				SDKROOT = iphoneos;
				SWIFT_COMPILATION_MODE = wholemodule;
				SWIFT_OPTIMIZATION_LEVEL = "-O";
				VALIDATE_PRODUCT = YES;
			};
			name = Release;
		};
		3914C91D29B0D7E50001377B /* Debug */ = {
			isa = XCBuildConfiguration;
			buildSettings = {
				ALWAYS_EMBED_SWIFT_STANDARD_LIBRARIES = YES;
				ASSETCATALOG_COMPILER_APPICON_NAME = AppIcon;
				ASSETCATALOG_COMPILER_GLOBAL_ACCENT_COLOR_NAME = AccentColor;
				CODE_SIGN_IDENTITY = "Apple Development";
				CODE_SIGN_STYLE = Automatic;
				CURRENT_PROJECT_VERSION = 1;
				DEVELOPMENT_TEAM = L25LXZY6LR;
				GENERATE_INFOPLIST_FILE = YES;
				INFOPLIST_FILE = iOSDevQuiz/Info.plist;
				INFOPLIST_KEY_CFBundleDisplayName = "Swifter Quiz";
				INFOPLIST_KEY_LSApplicationCategoryType = "public.app-category.education";
				INFOPLIST_KEY_UIApplicationSupportsIndirectInputEvents = YES;
				INFOPLIST_KEY_UILaunchStoryboardName = LaunchScreen;
				INFOPLIST_KEY_UIRequiresFullScreen = NO;
				INFOPLIST_KEY_UISupportedInterfaceOrientations = "UIInterfaceOrientationLandscapeLeft UIInterfaceOrientationLandscapeRight UIInterfaceOrientationPortrait UIInterfaceOrientationPortraitUpsideDown";
				INFOPLIST_KEY_UISupportedInterfaceOrientations_iPad = "UIInterfaceOrientationLandscapeLeft UIInterfaceOrientationLandscapeRight UIInterfaceOrientationPortrait UIInterfaceOrientationPortraitUpsideDown";
				IPHONEOS_DEPLOYMENT_TARGET = 16.0;
				LD_RUNPATH_SEARCH_PATHS = (
					"$(inherited)",
					"@executable_path/Frameworks",
				);
				MARKETING_VERSION = 1.0;
				PRODUCT_BUNDLE_IDENTIFIER = com.danielkarath.TheSwiftQuizApp;
				PRODUCT_NAME = "$(TARGET_NAME)";
				PROVISIONING_PROFILE_SPECIFIER = "";
				SUPPORTED_PLATFORMS = "iphoneos iphonesimulator";
				SUPPORTS_MACCATALYST = NO;
				SUPPORTS_MAC_DESIGNED_FOR_IPHONE_IPAD = YES;
				SWIFT_EMIT_LOC_STRINGS = YES;
				SWIFT_VERSION = 5.0;
				TARGETED_DEVICE_FAMILY = "1,2";
			};
			name = Debug;
		};
		3914C91E29B0D7E50001377B /* Release */ = {
			isa = XCBuildConfiguration;
			buildSettings = {
				ALWAYS_EMBED_SWIFT_STANDARD_LIBRARIES = YES;
				ASSETCATALOG_COMPILER_APPICON_NAME = AppIcon;
				ASSETCATALOG_COMPILER_GLOBAL_ACCENT_COLOR_NAME = AccentColor;
				CODE_SIGN_IDENTITY = "Apple Development";
				CODE_SIGN_STYLE = Automatic;
				CURRENT_PROJECT_VERSION = 1;
				DEVELOPMENT_TEAM = L25LXZY6LR;
				GENERATE_INFOPLIST_FILE = YES;
				INFOPLIST_FILE = iOSDevQuiz/Info.plist;
				INFOPLIST_KEY_CFBundleDisplayName = "Swifter Quiz";
				INFOPLIST_KEY_LSApplicationCategoryType = "public.app-category.education";
				INFOPLIST_KEY_UIApplicationSupportsIndirectInputEvents = YES;
				INFOPLIST_KEY_UILaunchStoryboardName = LaunchScreen;
				INFOPLIST_KEY_UIRequiresFullScreen = NO;
				INFOPLIST_KEY_UISupportedInterfaceOrientations = "UIInterfaceOrientationLandscapeLeft UIInterfaceOrientationLandscapeRight UIInterfaceOrientationPortrait UIInterfaceOrientationPortraitUpsideDown";
				INFOPLIST_KEY_UISupportedInterfaceOrientations_iPad = "UIInterfaceOrientationLandscapeLeft UIInterfaceOrientationLandscapeRight UIInterfaceOrientationPortrait UIInterfaceOrientationPortraitUpsideDown";
				IPHONEOS_DEPLOYMENT_TARGET = 16.0;
				LD_RUNPATH_SEARCH_PATHS = (
					"$(inherited)",
					"@executable_path/Frameworks",
				);
				MARKETING_VERSION = 1.0;
				PRODUCT_BUNDLE_IDENTIFIER = com.danielkarath.TheSwiftQuizApp;
				PRODUCT_NAME = "$(TARGET_NAME)";
				PROVISIONING_PROFILE_SPECIFIER = "";
				SUPPORTED_PLATFORMS = "iphoneos iphonesimulator";
				SUPPORTS_MACCATALYST = NO;
				SUPPORTS_MAC_DESIGNED_FOR_IPHONE_IPAD = YES;
				SWIFT_EMIT_LOC_STRINGS = YES;
				SWIFT_VERSION = 5.0;
				TARGETED_DEVICE_FAMILY = "1,2";
			};
			name = Release;
		};
		39EE871329FD976C009061D6 /* Debug */ = {
			isa = XCBuildConfiguration;
			buildSettings = {
				ASSETCATALOG_COMPILER_GLOBAL_ACCENT_COLOR_NAME = AccentColor;
				ASSETCATALOG_COMPILER_WIDGET_BACKGROUND_COLOR_NAME = WidgetBackground;
				CODE_SIGN_STYLE = Automatic;
				CURRENT_PROJECT_VERSION = 1;
				DEVELOPMENT_TEAM = L25LXZY6LR;
				GENERATE_INFOPLIST_FILE = YES;
				INFOPLIST_FILE = IDQStreakWidget/Info.plist;
				INFOPLIST_KEY_CFBundleDisplayName = IDQStreakWidget;
				INFOPLIST_KEY_NSHumanReadableCopyright = "";
				IPHONEOS_DEPLOYMENT_TARGET = 16.4;
				LD_RUNPATH_SEARCH_PATHS = (
					"$(inherited)",
					"@executable_path/Frameworks",
					"@executable_path/../../Frameworks",
				);
				MARKETING_VERSION = 1.0;
				PRODUCT_BUNDLE_IDENTIFIER = com.danielkarath.TheSwiftQuizApp.IDQStreakWidget;
				PRODUCT_NAME = "$(TARGET_NAME)";
				SKIP_INSTALL = YES;
				SWIFT_EMIT_LOC_STRINGS = YES;
				SWIFT_VERSION = 5.0;
				TARGETED_DEVICE_FAMILY = "1,2";
			};
			name = Debug;
		};
		39EE871429FD976C009061D6 /* Release */ = {
			isa = XCBuildConfiguration;
			buildSettings = {
				ASSETCATALOG_COMPILER_GLOBAL_ACCENT_COLOR_NAME = AccentColor;
				ASSETCATALOG_COMPILER_WIDGET_BACKGROUND_COLOR_NAME = WidgetBackground;
				CODE_SIGN_STYLE = Automatic;
				CURRENT_PROJECT_VERSION = 1;
				DEVELOPMENT_TEAM = L25LXZY6LR;
				GENERATE_INFOPLIST_FILE = YES;
				INFOPLIST_FILE = IDQStreakWidget/Info.plist;
				INFOPLIST_KEY_CFBundleDisplayName = IDQStreakWidget;
				INFOPLIST_KEY_NSHumanReadableCopyright = "";
				IPHONEOS_DEPLOYMENT_TARGET = 16.4;
				LD_RUNPATH_SEARCH_PATHS = (
					"$(inherited)",
					"@executable_path/Frameworks",
					"@executable_path/../../Frameworks",
				);
				MARKETING_VERSION = 1.0;
				PRODUCT_BUNDLE_IDENTIFIER = com.danielkarath.TheSwiftQuizApp.IDQStreakWidget;
				PRODUCT_NAME = "$(TARGET_NAME)";
				SKIP_INSTALL = YES;
				SWIFT_EMIT_LOC_STRINGS = YES;
				SWIFT_VERSION = 5.0;
				TARGETED_DEVICE_FAMILY = "1,2";
			};
			name = Release;
		};
/* End XCBuildConfiguration section */

/* Begin XCConfigurationList section */
		3914C90029B0D7E40001377B /* Build configuration list for PBXProject "iOSDevQuiz" */ = {
			isa = XCConfigurationList;
			buildConfigurations = (
				3914C91A29B0D7E50001377B /* Debug */,
				3914C91B29B0D7E50001377B /* Release */,
			);
			defaultConfigurationIsVisible = 0;
			defaultConfigurationName = Release;
		};
		3914C91C29B0D7E50001377B /* Build configuration list for PBXNativeTarget "iOSDevQuiz" */ = {
			isa = XCConfigurationList;
			buildConfigurations = (
				3914C91D29B0D7E50001377B /* Debug */,
				3914C91E29B0D7E50001377B /* Release */,
			);
			defaultConfigurationIsVisible = 0;
			defaultConfigurationName = Release;
		};
		39EE871229FD976C009061D6 /* Build configuration list for PBXNativeTarget "IDQStreakWidgetExtension" */ = {
			isa = XCConfigurationList;
			buildConfigurations = (
				39EE871329FD976C009061D6 /* Debug */,
				39EE871429FD976C009061D6 /* Release */,
			);
			defaultConfigurationIsVisible = 0;
			defaultConfigurationName = Release;
		};
/* End XCConfigurationList section */

/* Begin XCVersionGroup section */
		3914C91129B0D7E40001377B /* iOSDevQuiz.xcdatamodeld */ = {
			isa = XCVersionGroup;
			children = (
				3914C91229B0D7E40001377B /* iOSDevQuiz.xcdatamodel */,
			);
			currentVersion = 3914C91229B0D7E40001377B /* iOSDevQuiz.xcdatamodel */;
			path = iOSDevQuiz.xcdatamodeld;
			sourceTree = "<group>";
			versionGroupType = wrapper.xcdatamodel;
		};
/* End XCVersionGroup section */
	};
	rootObject = 3914C8FD29B0D7E40001377B /* Project object */;
}
